{
  "version": 4,
  "terraform_version": "1.9.6",
  "serial": 309,
  "lineage": "2a6055d2-5ba4-9fc2-7cf7-db14b86ea3ff",
  "outputs": {
    "alb_dns_name": {
      "value": "prod-application-alb-20863416.us-east-1.elb.amazonaws.com",
      "type": "string"
    },
    "alb_zone_id": {
      "value": "Z35SXDOTRQ7X7K",
      "type": "string"
    },
    "aws_region": {
      "value": "us-east-1",
      "type": "string"
    },
    "bastion_public_ip": {
      "value": "13.222.62.3",
      "type": "string"
    },
    "ec2_instance_ids": {
      "value": [
        "i-035993dadf4ecfaad",
        "i-028e80b3fa2c04c91"
      ],
      "type": [
        "tuple",
        [
          "string",
          "string"
        ]
      ]
    },
    "private_subnet_ids": {
      "value": [
        "subnet-08e09b12984618ce9",
        "subnet-0057af55c3192932a"
      ],
      "type": [
        "tuple",
        [
          "string",
          "string"
        ]
      ]
    },
    "project_name": {
      "value": "fullstack-app-v2",
      "type": "string"
    },
    "public_subnet_ids": {
      "value": [
        "subnet-015fbd6ef17c78767",
        "subnet-0a850ba7b683cdb45"
      ],
      "type": [
        "tuple",
        [
          "string",
          "string"
        ]
      ]
    },
    "vpc_id": {
      "value": "vpc-01ba43b1df9f44bcd",
      "type": "string"
    }
  },
  "resources": [
    {
      "mode": "data",
      "type": "aws_availability_zones",
      "name": "available",
      "provider": "provider[\"registry.terraform.io/hashicorp/aws\"]",
      "instances": [
        {
          "schema_version": 0,
          "attributes": {
            "all_availability_zones": null,
            "exclude_names": null,
            "exclude_zone_ids": null,
            "filter": null,
            "group_names": [
              "us-east-1-zg-1"
            ],
            "id": "us-east-1",
            "names": [
              "us-east-1a",
              "us-east-1b",
              "us-east-1c",
              "us-east-1d",
              "us-east-1e",
              "us-east-1f"
            ],
            "state": "available",
            "timeouts": null,
            "zone_ids": [
              "use1-az2",
              "use1-az4",
              "use1-az6",
              "use1-az1",
              "use1-az3",
              "use1-az5"
            ]
          },
          "sensitive_attributes": []
        }
      ]
    },
    {
      "mode": "managed",
      "type": "aws_iam_instance_profile",
      "name": "ec2_profile",
      "provider": "provider[\"registry.terraform.io/hashicorp/aws\"]",
      "instances": [
        {
          "schema_version": 0,
          "attributes": {
            "arn": "arn:aws:iam::476114144886:instance-profile/fullstack-app-v2-ec2-instance-profile",
            "create_date": "2025-06-18T17:12:34Z",
            "id": "fullstack-app-v2-ec2-instance-profile",
            "name": "fullstack-app-v2-ec2-instance-profile",
            "name_prefix": "",
            "path": "/",
            "role": "fullstack-app-v2-ec2-role",
            "tags": {},
            "tags_all": {},
            "unique_id": "AIPAW5WU5JZ3FDBAYH5GC"
          },
          "sensitive_attributes": [],
          "private": "bnVsbA==",
          "dependencies": [
            "aws_iam_role.ec2_role"
          ]
        }
      ]
    },
    {
      "mode": "managed",
      "type": "aws_iam_role",
      "name": "ec2_role",
      "provider": "provider[\"registry.terraform.io/hashicorp/aws\"]",
      "instances": [
        {
          "schema_version": 0,
          "attributes": {
            "arn": "arn:aws:iam::476114144886:role/fullstack-app-v2-ec2-role",
            "assume_role_policy": "{\"Statement\":[{\"Action\":\"sts:AssumeRole\",\"Effect\":\"Allow\",\"Principal\":{\"Service\":\"ec2.amazonaws.com\"}}],\"Version\":\"2012-10-17\"}",
            "create_date": "2025-06-18T17:12:32Z",
            "description": "",
            "force_detach_policies": false,
            "id": "fullstack-app-v2-ec2-role",
            "inline_policy": [],
            "managed_policy_arns": [
              "arn:aws:iam::aws:policy/AmazonSSMManagedInstanceCore"
            ],
            "max_session_duration": 3600,
            "name": "fullstack-app-v2-ec2-role",
            "name_prefix": "",
            "path": "/",
            "permissions_boundary": "",
            "tags": {
              "Application": "web-app",
              "Backup": "required",
              "CostCenter": "engineering",
              "CreatedDate": "2025-06-15",
              "Environment": "production",
              "ManagedBy": "terraform",
              "Monitoring": "enabled",
              "Owner": "devops-team",
              "Project": "web-application",
              "Team": "backend-services"
            },
            "tags_all": {
              "Application": "web-app",
              "Backup": "required",
              "CostCenter": "engineering",
              "CreatedDate": "2025-06-15",
              "Environment": "production",
              "ManagedBy": "terraform",
              "Monitoring": "enabled",
              "Owner": "devops-team",
              "Project": "web-application",
              "Team": "backend-services"
            },
            "unique_id": "AROAW5WU5JZ3MBA4OKSDV"
          },
          "sensitive_attributes": [],
          "private": "bnVsbA=="
        }
      ]
    },
    {
      "mode": "managed",
      "type": "aws_iam_role_policy_attachment",
      "name": "ssm_policy",
      "provider": "provider[\"registry.terraform.io/hashicorp/aws\"]",
      "instances": [
        {
          "schema_version": 0,
          "attributes": {
            "id": "fullstack-app-v2-ec2-role-20250618171234077000000001",
            "policy_arn": "arn:aws:iam::aws:policy/AmazonSSMManagedInstanceCore",
            "role": "fullstack-app-v2-ec2-role"
          },
          "sensitive_attributes": [],
          "private": "bnVsbA==",
          "dependencies": [
            "aws_iam_role.ec2_role"
          ]
        }
      ]
    },
    {
      "mode": "managed",
      "type": "aws_key_pair",
      "name": "app_key_pair",
      "provider": "provider[\"registry.terraform.io/hashicorp/aws\"]",
      "instances": [
        {
          "schema_version": 1,
          "attributes": {
            "arn": "arn:aws:ec2:us-east-1:476114144886:key-pair/prod-app-keypair",
            "fingerprint": "df:e6:ca:59:d4:84:77:98:2f:84:3d:d1:6c:e5:4b:3e",
            "id": "prod-app-keypair",
            "key_name": "prod-app-keypair",
            "key_name_prefix": "",
            "key_pair_id": "key-000aa4d46268da4bd",
            "key_type": "rsa",
            "public_key": "ssh-rsa AAAAB3NzaC1yc2EAAAADAQABAAACAQCmGyk2yOLgz+78rYK6/PXyro8R8cPoyvh2ypDtfE8bavuzYq+mM0vOl3cvS7p0MdsBpN2IJpgVidpVAjiYLN+cIgeKC1QbrZczCtJV2g6hN1I5ZA7zuU5ptvw097OJmbqd9Pr7wAR0ly3fHXZAsBDE0Ps+zUtmui/+/EAt2VjczKoYOrzpV+IpQ6dwmV5zOViegJQ1pOg8Gb4XW9h1Lg4Dpl/dI+luNRHlKwdeQg0uPrpC7trER+u1H5gIUStK0E3TuL/h+DC/p4nJ9kkSID5uktVU4ERhB++e5mrAvLz1wqwnfF5symxpThFKRzJI+VyC0UtPqFf7ojRaczFKXElqDH39yrGEfHDLakAQa0s4Ykcj2h3UYXJuxLrtBiLIicD9IMtP+8a8JTlX1dI6J3EXTsfBVQ08ounNkf8ezwfMLmjBXU0wsEMg69G5iv2GCwihchJckdYupb5WM/sbO7CphUMHX3w0IukttZHlWQ4Y+UZfrAKqdib4hiPR6Dl3vMzTYhUvJvySP6TuDv9/O/LqCtLxNOZA7sk3DoZ4/evTOM8AbDYpITuM7jrvUBwjaLyL7KG8p6fhN3hYvfEAlCQ2sX3UgHv57S5jKjpFhM5nugROPvcmH4yYUkMQcMX6YF61ABejZ80Y/zUOMp1RTd6itcSLGL/Iv1jJMkxLY19AQw==",
            "tags": {},
            "tags_all": {}
          },
          "sensitive_attributes": [],
          "private": "eyJzY2hlbWFfdmVyc2lvbiI6IjEifQ==",
          "dependencies": [
            "tls_private_key.app_key"
          ]
        }
      ]
    },
    {
      "mode": "managed",
      "type": "local_file",
      "name": "private_key_pem",
      "provider": "provider[\"registry.terraform.io/hashicorp/local\"]",
      "instances": [
        {
          "schema_version": 0,
          "attributes": {
            "content": "-----BEGIN RSA PRIVATE KEY-----\nMIIJJwIBAAKCAgEAphspNsji4M/u/K2Cuvz18q6PEfHD6Mr4dsqQ7XxPG2r7s2Kv\npjNLzpd3L0u6dDHbAaTdiCaYFYnaVQI4mCzfnCIHigtUG62XMwrSVdoOoTdSOWQO\n87lOabb8NPeziZm6nfT6+8AEdJct3x12QLAQxND7Ps1LZrov/vxALdlY3MyqGDq8\n6VfiKUOncJleczlYnoCUNaToPBm+F1vYdS4OA6Zf3SPpbjUR5SsHXkINLj66Qu7a\nxEfrtR+YCFErStBN07i/4fgwv6eJyfZJEiA+bpLVVOBEYQfvnuZqwLy89cKsJ3xe\nbMpsaU4RSkcySPlcgtFLT6hX+6I0WnMxSlxJagx9/cqxhHxwy2pAEGtLOGJHI9od\n1GFybsS67QYiyInA/SDLT/vGvCU5V9XSOidxF07HwVUNPKLpzZH/Hs8HzC5owV1N\nMLBDIOvRuYr9hgsIoXISXJHWLqW+VjP7GzuwqYVDB198NCLpLbWR5VkOGPlGX6wC\nqnYm+IYj0eg5d7zM02IVLyb8kj+k7g7/fzvy6grS8TTmQO7JNw6GeP3r0zjPAGw2\nKSE7jO4671AcI2i8i+yhvKen4Td4WL3xAJQkNrF91IB7+e0uYyo6RYTOZ7oETj73\nJh+MmFJDEHDF+mBetQAXo2fNGP81DjKdUU3eorXEixi/yL9YyTJMS2NfQEMCAwEA\nAQKCAgBOvt+Z/kA4bbsRhLxOIzAB3akry56hlN+XiU6Nl3n1OJGcqDM3KmhMx1eU\nT2VUQnJd5Ce1rP46b8DWvhfQZK2ZWjSSx+4WtQPSCdZPJvH6kbxkQsAn4PiAe2Qz\nRB6UJBHpYkM95/j0wNrZRCFUZ2N7usrxKegOCkRIsJNIaRqMimY02FvIj4ZDI7SU\nV9ED9PLDKZeZmtUR8O5CKqOCYdP4/P3DW4wFWBlkuDJlCBExlEE/C/cgSCxBEHpF\nrx1D+V57+cDVwpBxu15CJYTcl/ag+vExrKQeD+IURY3kU1WNeL2edoJZNtmQTpc5\nzGjVWYn25nu6hsc3Ht2M58E9TGTsor95lHSS+Lyzjf9lVs13e6BB/LUfGqESdiLu\nGut39+blWMAoCwJrAveO/r+eEM+lPLcctbYPEjz3RG9bEN9MygYuVUIHjiw68BQB\npukbNZCFrUDgCmW2/pcP/qq3QDsCOrh8+gAdd93utiLwRT1QCJXBmzjyd9vN1p6Q\nhbCAlefhKYfiHqX2hUEyDE+5546pm077AxPLd2VMnskRWK1HrfhoHKNAu3EI62i9\nKvG1nPU0nPoWGkdp4B4sYZ+lIpz2XAwobKtn/9/X7wKGhvU+4Up6gNbKX5lWAv5s\nNl/KRagdAqk483hU+BIsMwvVwc5Omscs+G5vb5+7EES0/6btYQKCAQEAxEfFfYOZ\nOC0cV1Ne8Rk2ynWxFLnOYmq1C484fpggc0se66BDaIhGs7BNb43AGLyV9t+T8Y/6\n3gEiUMVaNaAOWR5I/4Jc92+juMuszcyyr59QtZB1EGgCuw2SdyDqVRPnaH98xn9z\nRUtAI2LmIfiGeM4VzuZQi911JhmpM5x1QfGC094RYI1MHWKdDDAWaXfnjSjWz4nu\nK53YnetcpZIhlQpFRnB9pTfwkVJBVkp55igiJAA5DM1skN2Bim/WFaTbHshNgITJ\ndLhtMzBeNLgdn9re0aWhWPiaip/NColXS0Wgg/K0Pedvh3/kKNzOhT5xAU8tQFT3\n9DJ3oZGadVbBcwKCAQEA2KUfuRPJji1q8S7t/Pxv+thlyRkCsbLr5sp1PcqW69y2\n1Ty1Y6fgrA6wc74c9iUVjnvnYIyzL8DI1yA2Y1ERkAUQZNeuu3CciE4kLoWaaCTb\nlfc4Fn0uXIexaBN/vSwxC8aeB/WMScSqmzFGpvEkZ0p/saqWgOP+eSBW1FPryubb\no4GhilmTztNwsmA4iPo860Oyed7zjxzd6ntz3pyMT8v3ACNpACgPc6UmeegR0coq\nGwnzsfHt6y8FDHbq8n7a9YpSlIVeVrqIiuvl9z1wDuUrvC2skgLTutRjBmziL9Dz\nxFBpA+bDMmstcHW6j7SI30xxI0ew1MfR3bkflhuR8QKCAQBxujhG6npb3199hbQM\nNJTXqGvLW4Gm6rcuFHUifNjIlO08j6afKd71fKDRkyuL6bFm0tLw84DjI3sTm9YS\nHkRSBMc9LPba89fEWlctA39BXSkxmpsJv4pdgZas6eh9FURO+xd8GBrdOqXWGxbG\n9i5MTvS55h8je1TGl7W/TtduNxab1h7xd81zdVET38UMpUoIM3KL3BqhMRtzHQ2Y\nbdyBc+sBzmou0gPU3/k1m3+YCQcHHw3vShOuuHm3kedUsSm5Y0vsvIPR2o6DS3I6\nT7fyiKn0hWjAmYNJ8R+oDD4FQjmoWndvKusncsXrm00aTTzDCnJoxRLKbnd8qVX6\nySLbAoIBAAyyeM5/E2QK02a5Smd2YBXCkwybM6Y4h0zqdr6dXgUK1Yhf232wvCE5\nZywRa18dw0qrhl8JQAM/eEXrdGSTvsTDFzfh0DLaIcJ3WfWEDQ2ng1shtx7STWJM\n7Z/c7LKooWNAS8jJomQ8a4dW9v4XyftnyV4fUlzRf/uXYp9lH7+vkhXeJhqWr2wC\nxmsd6pJUoDdlq1MrNvkfRv5UJ/FXGX4fxSUz7hZ9QpKTjlK8wDacc6VMCwVV2Yzc\nH56gZZq6xph3d+mOe333xsLlmn/IEQY+dja8Mo4ILmKXygn5XbRRuce6srzwzGXr\nFCmwLLP5b8Aumb7ol7uQzoMBM5G3ofECggEAEa7u1uaxMq9mJWu5TAAebSypKT2L\nrsuAPHnXHxRP3Zy5Vjp9XT+cDnw41Dkvyhm61amRJxQyKZ7FbhaOZUMLrZkK+Tee\nDnrj6oMZsiPApqtBp8rjEA+0BM1O51f0g/rWPD/ePn32ZaGWJSZmFRBOQqQfFY7L\nWlydOgjAUBtcHP18elBObWpSMhgaZITOZ8Qb6a/KpLYuYUemeuX71nDITDfpXzSl\n7w77LjF1dyyPC4WiE7r0mesR9JWHNpsKHRid9eqIvCM7xqu4Z0ispGDD7GN4sChQ\nKEtvuy4EwkiWJUkiM83LpXMVJNafiODhpoiGs/4Aq/Lb0MTb+2qYwC5QtA==\n-----END RSA PRIVATE KEY-----\n",
            "content_base64": null,
            "content_base64sha256": "IrOWdSZghYYr9CSBRo5ZCaRevKH6c+rC/elNke4Mltk=",
            "content_base64sha512": "ulcSNnegHbpqY9UuXcYGIsExtJ3p0ybLxoelohZfa6T/NUr/Hu7ZqZgQHmplohGwjN8C7f1iRRswbUPx6UWi6A==",
            "content_md5": "b1f9713294fd04a0116730a5992ec774",
            "content_sha1": "5ad32817d1b832ea8416c269c1f1b26acffa47e4",
            "content_sha256": "22b39675266085862bf42481468e5909a45ebca1fa73eac2fde94d91ee0c96d9",
            "content_sha512": "ba57123677a01dba6a63d52e5dc60622c131b49de9d326cbc687a5a2165f6ba4ff354aff1eeed9a998101e6a65a211b08cdf02edfd62451b306d43f1e945a2e8",
            "directory_permission": "0777",
            "file_permission": "0400",
            "filename": "prod-app-keypair.pem",
            "id": "5ad32817d1b832ea8416c269c1f1b26acffa47e4",
            "sensitive_content": null,
            "source": null
          },
          "sensitive_attributes": [
            [
              {
                "type": "get_attr",
                "value": "sensitive_content"
              }
            ],
            [
              {
                "type": "get_attr",
                "value": "content"
              }
            ]
          ],
          "dependencies": [
            "tls_private_key.app_key"
          ]
        }
      ]
    },
    {
      "mode": "managed",
      "type": "tls_private_key",
      "name": "app_key",
      "provider": "provider[\"registry.terraform.io/hashicorp/tls\"]",
      "instances": [
        {
          "schema_version": 1,
          "attributes": {
            "algorithm": "RSA",
            "ecdsa_curve": "P224",
            "id": "cfee04c19a483463876a6b7654daa62572eb3a48",
            "private_key_openssh": "-----BEGIN OPENSSH PRIVATE KEY-----\nb3BlbnNzaC1rZXktdjEAAAAABG5vbmUAAAAEbm9uZQAAAAAAAAABAAACFwAAAAdz\nc2gtcnNhAAAAAwEAAQAAAgEAphspNsji4M/u/K2Cuvz18q6PEfHD6Mr4dsqQ7XxP\nG2r7s2KvpjNLzpd3L0u6dDHbAaTdiCaYFYnaVQI4mCzfnCIHigtUG62XMwrSVdoO\noTdSOWQO87lOabb8NPeziZm6nfT6+8AEdJct3x12QLAQxND7Ps1LZrov/vxALdlY\n3MyqGDq86VfiKUOncJleczlYnoCUNaToPBm+F1vYdS4OA6Zf3SPpbjUR5SsHXkIN\nLj66Qu7axEfrtR+YCFErStBN07i/4fgwv6eJyfZJEiA+bpLVVOBEYQfvnuZqwLy8\n9cKsJ3xebMpsaU4RSkcySPlcgtFLT6hX+6I0WnMxSlxJagx9/cqxhHxwy2pAEGtL\nOGJHI9od1GFybsS67QYiyInA/SDLT/vGvCU5V9XSOidxF07HwVUNPKLpzZH/Hs8H\nzC5owV1NMLBDIOvRuYr9hgsIoXISXJHWLqW+VjP7GzuwqYVDB198NCLpLbWR5VkO\nGPlGX6wCqnYm+IYj0eg5d7zM02IVLyb8kj+k7g7/fzvy6grS8TTmQO7JNw6GeP3r\n0zjPAGw2KSE7jO4671AcI2i8i+yhvKen4Td4WL3xAJQkNrF91IB7+e0uYyo6RYTO\nZ7oETj73Jh+MmFJDEHDF+mBetQAXo2fNGP81DjKdUU3eorXEixi/yL9YyTJMS2Nf\nQEMAAAc4PYTOHj2Ezh4AAAAHc3NoLXJzYQAAAgEAphspNsji4M/u/K2Cuvz18q6P\nEfHD6Mr4dsqQ7XxPG2r7s2KvpjNLzpd3L0u6dDHbAaTdiCaYFYnaVQI4mCzfnCIH\nigtUG62XMwrSVdoOoTdSOWQO87lOabb8NPeziZm6nfT6+8AEdJct3x12QLAQxND7\nPs1LZrov/vxALdlY3MyqGDq86VfiKUOncJleczlYnoCUNaToPBm+F1vYdS4OA6Zf\n3SPpbjUR5SsHXkINLj66Qu7axEfrtR+YCFErStBN07i/4fgwv6eJyfZJEiA+bpLV\nVOBEYQfvnuZqwLy89cKsJ3xebMpsaU4RSkcySPlcgtFLT6hX+6I0WnMxSlxJagx9\n/cqxhHxwy2pAEGtLOGJHI9od1GFybsS67QYiyInA/SDLT/vGvCU5V9XSOidxF07H\nwVUNPKLpzZH/Hs8HzC5owV1NMLBDIOvRuYr9hgsIoXISXJHWLqW+VjP7GzuwqYVD\nB198NCLpLbWR5VkOGPlGX6wCqnYm+IYj0eg5d7zM02IVLyb8kj+k7g7/fzvy6grS\n8TTmQO7JNw6GeP3r0zjPAGw2KSE7jO4671AcI2i8i+yhvKen4Td4WL3xAJQkNrF9\n1IB7+e0uYyo6RYTOZ7oETj73Jh+MmFJDEHDF+mBetQAXo2fNGP81DjKdUU3eorXE\nixi/yL9YyTJMS2NfQEMAAAADAQABAAACAE6+35n+QDhtuxGEvE4jMAHdqSvLnqGU\n35eJTo2XefU4kZyoMzcqaEzHV5RPZVRCcl3kJ7Ws/jpvwNa+F9BkrZlaNJLH7ha1\nA9IJ1k8m8fqRvGRCwCfg+IB7ZDNEHpQkEeliQz3n+PTA2tlEIVRnY3u6yvEp6A4K\nREiwk0hpGoyKZjTYW8iPhkMjtJRX0QP08sMpl5ma1RHw7kIqo4Jh0/j8/cNbjAVY\nGWS4MmUIETGUQT8L9yBILEEQekWvHUP5Xnv5wNXCkHG7XkIlhNyX9qD68TGspB4P\n4hRFjeRTVY14vZ52glk22ZBOlznMaNVZifbme7qGxzce3YznwT1MZOyiv3mUdJL4\nvLON/2VWzXd7oEH8tR8aoRJ2Iu4a63f35uVYwCgLAmsC947+v54Qz6U8txy1tg8S\nPPdEb1sQ30zKBi5VQgeOLDrwFAGm6Rs1kIWtQOAKZbb+lw/+qrdAOwI6uHz6AB13\n3e62IvBFPVAIlcGbOPJ3283WnpCFsICV5+Eph+IepfaFQTIMT7nnjqmbTvsDE8t3\nZUyeyRFYrUet+Ggco0C7cQjraL0q8bWc9TSc+hYaR2ngHixhn6UinPZcDChsq2f/\n39fvAoaG9T7hSnqA1spfmVYC/mw2X8pFqB0CqTjzeFT4EiwzC9XBzk6axyz4bm9v\nn7sQRLT/pu1hAAABABGu7tbmsTKvZiVruUwAHm0sqSk9i67LgDx51x8UT92cuVY6\nfV0/nA58ONQ5L8oZutWpkScUMimexW4WjmVDC62ZCvk3ng564+qDGbIjwKarQafK\n4xAPtATNTudX9IP61jw/3j599mWhliUmZhUQTkKkHxWOy1pcnToIwFAbXBz9fHpQ\nTm1qUjIYGmSEzmfEG+mvyqS2LmFHpnrl+9ZwyEw36V80pe8O+y4xdXcsjwuFohO6\n9JnrEfSVhzabCh0YnfXqiLwjO8aruGdIrKRgw+xjeLAoUChLb7suBMJIliVJIjPN\ny6VzFSTWn4jg4aaIhrP+AKvy29DE2/tqmMAuULQAAAEBAMRHxX2DmTgtHFdTXvEZ\nNsp1sRS5zmJqtQuPOH6YIHNLHuugQ2iIRrOwTW+NwBi8lfbfk/GP+t4BIlDFWjWg\nDlkeSP+CXPdvo7jLrM3Msq+fULWQdRBoArsNkncg6lUT52h/fMZ/c0VLQCNi5iH4\nhnjOFc7mUIvddSYZqTOcdUHxgtPeEWCNTB1inQwwFml3540o1s+J7iud2J3rXKWS\nIZUKRUZwfaU38JFSQVZKeeYoIiQAOQzNbJDdgYpv1hWk2x7ITYCEyXS4bTMwXjS4\nHZ/a3tGloVj4moqfzQqJV0tFoIPytD3nb4d/5CjczoU+cQFPLUBU9/Qyd6GRmnVW\nwXMAAAEBANilH7kTyY4tavEu7fz8b/rYZckZArGy6+bKdT3KluvcttU8tWOn4KwO\nsHO+HPYlFY5752CMsy/AyNcgNmNREZAFEGTXrrtwnIhOJC6Fmmgk25X3OBZ9LlyH\nsWgTf70sMQvGngf1jEnEqpsxRqbxJGdKf7GqloDj/nkgVtRT68rm26OBoYpZk87T\ncLJgOIj6POtDsnne848c3ep7c96cjE/L9wAjaQAoD3OlJnnoEdHKKhsJ87Hx7esv\nBQx26vJ+2vWKUpSFXla6iIrr5fc9cA7lK7wtrJIC07rUYwZs4i/Q88RQaQPmwzJr\nLXB1uo+0iN9McSNHsNTH0d25H5YbkfEAAAAAAQID\n-----END OPENSSH PRIVATE KEY-----\n",
            "private_key_pem": "-----BEGIN RSA PRIVATE KEY-----\nMIIJJwIBAAKCAgEAphspNsji4M/u/K2Cuvz18q6PEfHD6Mr4dsqQ7XxPG2r7s2Kv\npjNLzpd3L0u6dDHbAaTdiCaYFYnaVQI4mCzfnCIHigtUG62XMwrSVdoOoTdSOWQO\n87lOabb8NPeziZm6nfT6+8AEdJct3x12QLAQxND7Ps1LZrov/vxALdlY3MyqGDq8\n6VfiKUOncJleczlYnoCUNaToPBm+F1vYdS4OA6Zf3SPpbjUR5SsHXkINLj66Qu7a\nxEfrtR+YCFErStBN07i/4fgwv6eJyfZJEiA+bpLVVOBEYQfvnuZqwLy89cKsJ3xe\nbMpsaU4RSkcySPlcgtFLT6hX+6I0WnMxSlxJagx9/cqxhHxwy2pAEGtLOGJHI9od\n1GFybsS67QYiyInA/SDLT/vGvCU5V9XSOidxF07HwVUNPKLpzZH/Hs8HzC5owV1N\nMLBDIOvRuYr9hgsIoXISXJHWLqW+VjP7GzuwqYVDB198NCLpLbWR5VkOGPlGX6wC\nqnYm+IYj0eg5d7zM02IVLyb8kj+k7g7/fzvy6grS8TTmQO7JNw6GeP3r0zjPAGw2\nKSE7jO4671AcI2i8i+yhvKen4Td4WL3xAJQkNrF91IB7+e0uYyo6RYTOZ7oETj73\nJh+MmFJDEHDF+mBetQAXo2fNGP81DjKdUU3eorXEixi/yL9YyTJMS2NfQEMCAwEA\nAQKCAgBOvt+Z/kA4bbsRhLxOIzAB3akry56hlN+XiU6Nl3n1OJGcqDM3KmhMx1eU\nT2VUQnJd5Ce1rP46b8DWvhfQZK2ZWjSSx+4WtQPSCdZPJvH6kbxkQsAn4PiAe2Qz\nRB6UJBHpYkM95/j0wNrZRCFUZ2N7usrxKegOCkRIsJNIaRqMimY02FvIj4ZDI7SU\nV9ED9PLDKZeZmtUR8O5CKqOCYdP4/P3DW4wFWBlkuDJlCBExlEE/C/cgSCxBEHpF\nrx1D+V57+cDVwpBxu15CJYTcl/ag+vExrKQeD+IURY3kU1WNeL2edoJZNtmQTpc5\nzGjVWYn25nu6hsc3Ht2M58E9TGTsor95lHSS+Lyzjf9lVs13e6BB/LUfGqESdiLu\nGut39+blWMAoCwJrAveO/r+eEM+lPLcctbYPEjz3RG9bEN9MygYuVUIHjiw68BQB\npukbNZCFrUDgCmW2/pcP/qq3QDsCOrh8+gAdd93utiLwRT1QCJXBmzjyd9vN1p6Q\nhbCAlefhKYfiHqX2hUEyDE+5546pm077AxPLd2VMnskRWK1HrfhoHKNAu3EI62i9\nKvG1nPU0nPoWGkdp4B4sYZ+lIpz2XAwobKtn/9/X7wKGhvU+4Up6gNbKX5lWAv5s\nNl/KRagdAqk483hU+BIsMwvVwc5Omscs+G5vb5+7EES0/6btYQKCAQEAxEfFfYOZ\nOC0cV1Ne8Rk2ynWxFLnOYmq1C484fpggc0se66BDaIhGs7BNb43AGLyV9t+T8Y/6\n3gEiUMVaNaAOWR5I/4Jc92+juMuszcyyr59QtZB1EGgCuw2SdyDqVRPnaH98xn9z\nRUtAI2LmIfiGeM4VzuZQi911JhmpM5x1QfGC094RYI1MHWKdDDAWaXfnjSjWz4nu\nK53YnetcpZIhlQpFRnB9pTfwkVJBVkp55igiJAA5DM1skN2Bim/WFaTbHshNgITJ\ndLhtMzBeNLgdn9re0aWhWPiaip/NColXS0Wgg/K0Pedvh3/kKNzOhT5xAU8tQFT3\n9DJ3oZGadVbBcwKCAQEA2KUfuRPJji1q8S7t/Pxv+thlyRkCsbLr5sp1PcqW69y2\n1Ty1Y6fgrA6wc74c9iUVjnvnYIyzL8DI1yA2Y1ERkAUQZNeuu3CciE4kLoWaaCTb\nlfc4Fn0uXIexaBN/vSwxC8aeB/WMScSqmzFGpvEkZ0p/saqWgOP+eSBW1FPryubb\no4GhilmTztNwsmA4iPo860Oyed7zjxzd6ntz3pyMT8v3ACNpACgPc6UmeegR0coq\nGwnzsfHt6y8FDHbq8n7a9YpSlIVeVrqIiuvl9z1wDuUrvC2skgLTutRjBmziL9Dz\nxFBpA+bDMmstcHW6j7SI30xxI0ew1MfR3bkflhuR8QKCAQBxujhG6npb3199hbQM\nNJTXqGvLW4Gm6rcuFHUifNjIlO08j6afKd71fKDRkyuL6bFm0tLw84DjI3sTm9YS\nHkRSBMc9LPba89fEWlctA39BXSkxmpsJv4pdgZas6eh9FURO+xd8GBrdOqXWGxbG\n9i5MTvS55h8je1TGl7W/TtduNxab1h7xd81zdVET38UMpUoIM3KL3BqhMRtzHQ2Y\nbdyBc+sBzmou0gPU3/k1m3+YCQcHHw3vShOuuHm3kedUsSm5Y0vsvIPR2o6DS3I6\nT7fyiKn0hWjAmYNJ8R+oDD4FQjmoWndvKusncsXrm00aTTzDCnJoxRLKbnd8qVX6\nySLbAoIBAAyyeM5/E2QK02a5Smd2YBXCkwybM6Y4h0zqdr6dXgUK1Yhf232wvCE5\nZywRa18dw0qrhl8JQAM/eEXrdGSTvsTDFzfh0DLaIcJ3WfWEDQ2ng1shtx7STWJM\n7Z/c7LKooWNAS8jJomQ8a4dW9v4XyftnyV4fUlzRf/uXYp9lH7+vkhXeJhqWr2wC\nxmsd6pJUoDdlq1MrNvkfRv5UJ/FXGX4fxSUz7hZ9QpKTjlK8wDacc6VMCwVV2Yzc\nH56gZZq6xph3d+mOe333xsLlmn/IEQY+dja8Mo4ILmKXygn5XbRRuce6srzwzGXr\nFCmwLLP5b8Aumb7ol7uQzoMBM5G3ofECggEAEa7u1uaxMq9mJWu5TAAebSypKT2L\nrsuAPHnXHxRP3Zy5Vjp9XT+cDnw41Dkvyhm61amRJxQyKZ7FbhaOZUMLrZkK+Tee\nDnrj6oMZsiPApqtBp8rjEA+0BM1O51f0g/rWPD/ePn32ZaGWJSZmFRBOQqQfFY7L\nWlydOgjAUBtcHP18elBObWpSMhgaZITOZ8Qb6a/KpLYuYUemeuX71nDITDfpXzSl\n7w77LjF1dyyPC4WiE7r0mesR9JWHNpsKHRid9eqIvCM7xqu4Z0ispGDD7GN4sChQ\nKEtvuy4EwkiWJUkiM83LpXMVJNafiODhpoiGs/4Aq/Lb0MTb+2qYwC5QtA==\n-----END RSA PRIVATE KEY-----\n",
            "private_key_pem_pkcs8": "-----BEGIN PRIVATE KEY-----\nMIIJQQIBADANBgkqhkiG9w0BAQEFAASCCSswggknAgEAAoICAQCmGyk2yOLgz+78\nrYK6/PXyro8R8cPoyvh2ypDtfE8bavuzYq+mM0vOl3cvS7p0MdsBpN2IJpgVidpV\nAjiYLN+cIgeKC1QbrZczCtJV2g6hN1I5ZA7zuU5ptvw097OJmbqd9Pr7wAR0ly3f\nHXZAsBDE0Ps+zUtmui/+/EAt2VjczKoYOrzpV+IpQ6dwmV5zOViegJQ1pOg8Gb4X\nW9h1Lg4Dpl/dI+luNRHlKwdeQg0uPrpC7trER+u1H5gIUStK0E3TuL/h+DC/p4nJ\n9kkSID5uktVU4ERhB++e5mrAvLz1wqwnfF5symxpThFKRzJI+VyC0UtPqFf7ojRa\nczFKXElqDH39yrGEfHDLakAQa0s4Ykcj2h3UYXJuxLrtBiLIicD9IMtP+8a8JTlX\n1dI6J3EXTsfBVQ08ounNkf8ezwfMLmjBXU0wsEMg69G5iv2GCwihchJckdYupb5W\nM/sbO7CphUMHX3w0IukttZHlWQ4Y+UZfrAKqdib4hiPR6Dl3vMzTYhUvJvySP6Tu\nDv9/O/LqCtLxNOZA7sk3DoZ4/evTOM8AbDYpITuM7jrvUBwjaLyL7KG8p6fhN3hY\nvfEAlCQ2sX3UgHv57S5jKjpFhM5nugROPvcmH4yYUkMQcMX6YF61ABejZ80Y/zUO\nMp1RTd6itcSLGL/Iv1jJMkxLY19AQwIDAQABAoICAE6+35n+QDhtuxGEvE4jMAHd\nqSvLnqGU35eJTo2XefU4kZyoMzcqaEzHV5RPZVRCcl3kJ7Ws/jpvwNa+F9BkrZla\nNJLH7ha1A9IJ1k8m8fqRvGRCwCfg+IB7ZDNEHpQkEeliQz3n+PTA2tlEIVRnY3u6\nyvEp6A4KREiwk0hpGoyKZjTYW8iPhkMjtJRX0QP08sMpl5ma1RHw7kIqo4Jh0/j8\n/cNbjAVYGWS4MmUIETGUQT8L9yBILEEQekWvHUP5Xnv5wNXCkHG7XkIlhNyX9qD6\n8TGspB4P4hRFjeRTVY14vZ52glk22ZBOlznMaNVZifbme7qGxzce3YznwT1MZOyi\nv3mUdJL4vLON/2VWzXd7oEH8tR8aoRJ2Iu4a63f35uVYwCgLAmsC947+v54Qz6U8\ntxy1tg8SPPdEb1sQ30zKBi5VQgeOLDrwFAGm6Rs1kIWtQOAKZbb+lw/+qrdAOwI6\nuHz6AB133e62IvBFPVAIlcGbOPJ3283WnpCFsICV5+Eph+IepfaFQTIMT7nnjqmb\nTvsDE8t3ZUyeyRFYrUet+Ggco0C7cQjraL0q8bWc9TSc+hYaR2ngHixhn6UinPZc\nDChsq2f/39fvAoaG9T7hSnqA1spfmVYC/mw2X8pFqB0CqTjzeFT4EiwzC9XBzk6a\nxyz4bm9vn7sQRLT/pu1hAoIBAQDER8V9g5k4LRxXU17xGTbKdbEUuc5iarULjzh+\nmCBzSx7roENoiEazsE1vjcAYvJX235Pxj/reASJQxVo1oA5ZHkj/glz3b6O4y6zN\nzLKvn1C1kHUQaAK7DZJ3IOpVE+dof3zGf3NFS0AjYuYh+IZ4zhXO5lCL3XUmGakz\nnHVB8YLT3hFgjUwdYp0MMBZpd+eNKNbPie4rndid61ylkiGVCkVGcH2lN/CRUkFW\nSnnmKCIkADkMzWyQ3YGKb9YVpNseyE2AhMl0uG0zMF40uB2f2t7RpaFY+JqKn80K\niVdLRaCD8rQ952+Hf+Qo3M6FPnEBTy1AVPf0MnehkZp1VsFzAoIBAQDYpR+5E8mO\nLWrxLu38/G/62GXJGQKxsuvmynU9ypbr3LbVPLVjp+CsDrBzvhz2JRWOe+dgjLMv\nwMjXIDZjURGQBRBk1667cJyITiQuhZpoJNuV9zgWfS5ch7FoE3+9LDELxp4H9YxJ\nxKqbMUam8SRnSn+xqpaA4/55IFbUU+vK5tujgaGKWZPO03CyYDiI+jzrQ7J53vOP\nHN3qe3PenIxPy/cAI2kAKA9zpSZ56BHRyiobCfOx8e3rLwUMduryftr1ilKUhV5W\nuoiK6+X3PXAO5Su8LaySAtO61GMGbOIv0PPEUGkD5sMyay1wdbqPtIjfTHEjR7DU\nx9HduR+WG5HxAoIBAHG6OEbqelvfX32FtAw0lNeoa8tbgabqty4UdSJ82MiU7TyP\npp8p3vV8oNGTK4vpsWbS0vDzgOMjexOb1hIeRFIExz0s9trz18RaVy0Df0FdKTGa\nmwm/il2Blqzp6H0VRE77F3wYGt06pdYbFsb2LkxO9LnmHyN7VMaXtb9O1243FpvW\nHvF3zXN1URPfxQylSggzcovcGqExG3MdDZht3IFz6wHOai7SA9Tf+TWbf5gJBwcf\nDe9KE664ebeR51SxKbljS+y8g9HajoNLcjpPt/KIqfSFaMCZg0nxH6gMPgVCOaha\nd28q6ydyxeubTRpNPMMKcmjFEspud3ypVfrJItsCggEADLJ4zn8TZArTZrlKZ3Zg\nFcKTDJszpjiHTOp2vp1eBQrViF/bfbC8ITlnLBFrXx3DSquGXwlAAz94Ret0ZJO+\nxMMXN+HQMtohwndZ9YQNDaeDWyG3HtJNYkztn9zssqihY0BLyMmiZDxrh1b2/hfJ\n+2fJXh9SXNF/+5din2Ufv6+SFd4mGpavbALGax3qklSgN2WrUys2+R9G/lQn8VcZ\nfh/FJTPuFn1CkpOOUrzANpxzpUwLBVXZjNwfnqBlmrrGmHd36Y57fffGwuWaf8gR\nBj52NrwyjgguYpfKCfldtFG5x7qyvPDMZesUKbAss/lvwC6ZvuiXu5DOgwEzkbeh\n8QKCAQARru7W5rEyr2Yla7lMAB5tLKkpPYuuy4A8edcfFE/dnLlWOn1dP5wOfDjU\nOS/KGbrVqZEnFDIpnsVuFo5lQwutmQr5N54OeuPqgxmyI8Cmq0GnyuMQD7QEzU7n\nV/SD+tY8P94+ffZloZYlJmYVEE5CpB8VjstaXJ06CMBQG1wc/Xx6UE5talIyGBpk\nhM5nxBvpr8qkti5hR6Z65fvWcMhMN+lfNKXvDvsuMXV3LI8LhaITuvSZ6xH0lYc2\nmwodGJ316oi8IzvGq7hnSKykYMPsY3iwKFAoS2+7LgTCSJYlSSIzzculcxUk1p+I\n4OGmiIaz/gCr8tvQxNv7apjALlC0\n-----END PRIVATE KEY-----\n",
            "public_key_fingerprint_md5": "8e:12:35:41:26:8e:0c:2f:ae:9a:f0:6e:ba:b6:9b:b3",
            "public_key_fingerprint_sha256": "SHA256:qAOQnYGObh0sg/MsthBLJrj5o3yLxGpJ5c3Y1UvlIps",
            "public_key_openssh": "ssh-rsa AAAAB3NzaC1yc2EAAAADAQABAAACAQCmGyk2yOLgz+78rYK6/PXyro8R8cPoyvh2ypDtfE8bavuzYq+mM0vOl3cvS7p0MdsBpN2IJpgVidpVAjiYLN+cIgeKC1QbrZczCtJV2g6hN1I5ZA7zuU5ptvw097OJmbqd9Pr7wAR0ly3fHXZAsBDE0Ps+zUtmui/+/EAt2VjczKoYOrzpV+IpQ6dwmV5zOViegJQ1pOg8Gb4XW9h1Lg4Dpl/dI+luNRHlKwdeQg0uPrpC7trER+u1H5gIUStK0E3TuL/h+DC/p4nJ9kkSID5uktVU4ERhB++e5mrAvLz1wqwnfF5symxpThFKRzJI+VyC0UtPqFf7ojRaczFKXElqDH39yrGEfHDLakAQa0s4Ykcj2h3UYXJuxLrtBiLIicD9IMtP+8a8JTlX1dI6J3EXTsfBVQ08ounNkf8ezwfMLmjBXU0wsEMg69G5iv2GCwihchJckdYupb5WM/sbO7CphUMHX3w0IukttZHlWQ4Y+UZfrAKqdib4hiPR6Dl3vMzTYhUvJvySP6TuDv9/O/LqCtLxNOZA7sk3DoZ4/evTOM8AbDYpITuM7jrvUBwjaLyL7KG8p6fhN3hYvfEAlCQ2sX3UgHv57S5jKjpFhM5nugROPvcmH4yYUkMQcMX6YF61ABejZ80Y/zUOMp1RTd6itcSLGL/Iv1jJMkxLY19AQw==\n",
            "public_key_pem": "-----BEGIN PUBLIC KEY-----\nMIICIjANBgkqhkiG9w0BAQEFAAOCAg8AMIICCgKCAgEAphspNsji4M/u/K2Cuvz1\n8q6PEfHD6Mr4dsqQ7XxPG2r7s2KvpjNLzpd3L0u6dDHbAaTdiCaYFYnaVQI4mCzf\nnCIHigtUG62XMwrSVdoOoTdSOWQO87lOabb8NPeziZm6nfT6+8AEdJct3x12QLAQ\nxND7Ps1LZrov/vxALdlY3MyqGDq86VfiKUOncJleczlYnoCUNaToPBm+F1vYdS4O\nA6Zf3SPpbjUR5SsHXkINLj66Qu7axEfrtR+YCFErStBN07i/4fgwv6eJyfZJEiA+\nbpLVVOBEYQfvnuZqwLy89cKsJ3xebMpsaU4RSkcySPlcgtFLT6hX+6I0WnMxSlxJ\nagx9/cqxhHxwy2pAEGtLOGJHI9od1GFybsS67QYiyInA/SDLT/vGvCU5V9XSOidx\nF07HwVUNPKLpzZH/Hs8HzC5owV1NMLBDIOvRuYr9hgsIoXISXJHWLqW+VjP7Gzuw\nqYVDB198NCLpLbWR5VkOGPlGX6wCqnYm+IYj0eg5d7zM02IVLyb8kj+k7g7/fzvy\n6grS8TTmQO7JNw6GeP3r0zjPAGw2KSE7jO4671AcI2i8i+yhvKen4Td4WL3xAJQk\nNrF91IB7+e0uYyo6RYTOZ7oETj73Jh+MmFJDEHDF+mBetQAXo2fNGP81DjKdUU3e\norXEixi/yL9YyTJMS2NfQEMCAwEAAQ==\n-----END PUBLIC KEY-----\n",
            "rsa_bits": 4096
          },
          "sensitive_attributes": [
            [
              {
                "type": "get_attr",
                "value": "private_key_openssh"
              }
            ],
            [
              {
                "type": "get_attr",
                "value": "private_key_pem"
              }
            ],
            [
              {
                "type": "get_attr",
                "value": "private_key_pem_pkcs8"
              }
            ]
          ]
        }
      ]
    },
    {
      "module": "module.alb",
      "mode": "managed",
      "type": "aws_lb",
      "name": "main",
      "provider": "provider[\"registry.terraform.io/hashicorp/aws\"]",
      "instances": [
        {
          "schema_version": 0,
          "attributes": {
            "access_logs": [
              {
                "bucket": "",
                "enabled": false,
                "prefix": ""
              }
            ],
            "arn": "arn:aws:elasticloadbalancing:us-east-1:476114144886:loadbalancer/app/prod-application-alb/445c6bd6340e2b9a",
            "arn_suffix": "app/prod-application-alb/445c6bd6340e2b9a",
            "client_keep_alive": 3600,
            "connection_logs": [
              {
                "bucket": "",
                "enabled": false,
                "prefix": ""
              }
            ],
            "customer_owned_ipv4_pool": "",
            "desync_mitigation_mode": "defensive",
            "dns_name": "prod-application-alb-20863416.us-east-1.elb.amazonaws.com",
            "dns_record_client_routing_policy": null,
            "drop_invalid_header_fields": false,
            "enable_cross_zone_load_balancing": true,
            "enable_deletion_protection": false,
            "enable_http2": true,
            "enable_tls_version_and_cipher_suite_headers": false,
            "enable_waf_fail_open": false,
            "enable_xff_client_port": false,
            "enable_zonal_shift": false,
            "enforce_security_group_inbound_rules_on_private_link_traffic": "",
            "id": "arn:aws:elasticloadbalancing:us-east-1:476114144886:loadbalancer/app/prod-application-alb/445c6bd6340e2b9a",
            "idle_timeout": 60,
            "internal": false,
            "ip_address_type": "ipv4",
            "ipam_pools": [],
            "load_balancer_type": "application",
            "minimum_load_balancer_capacity": [],
            "name": "prod-application-alb",
            "name_prefix": "",
            "preserve_host_header": false,
            "security_groups": [
              "sg-081c9d7cb1b17f130"
            ],
            "subnet_mapping": [
              {
                "allocation_id": "",
                "ipv6_address": "",
                "outpost_id": "",
                "private_ipv4_address": "",
                "subnet_id": "subnet-015fbd6ef17c78767"
              },
              {
                "allocation_id": "",
                "ipv6_address": "",
                "outpost_id": "",
                "private_ipv4_address": "",
                "subnet_id": "subnet-0a850ba7b683cdb45"
              }
            ],
            "subnets": [
              "subnet-015fbd6ef17c78767",
              "subnet-0a850ba7b683cdb45"
            ],
            "tags": {
              "Application": "web-app",
              "Backup": "required",
              "CostCenter": "engineering",
              "CreatedDate": "2025-06-15",
              "Environment": "production",
              "ManagedBy": "terraform",
              "Monitoring": "enabled",
              "Name": "prod-application-alb",
              "Owner": "devops-team",
              "Project": "web-application",
              "Team": "backend-services"
            },
            "tags_all": {
              "Application": "web-app",
              "Backup": "required",
              "CostCenter": "engineering",
              "CreatedDate": "2025-06-15",
              "Environment": "production",
              "ManagedBy": "terraform",
              "Monitoring": "enabled",
              "Name": "prod-application-alb",
              "Owner": "devops-team",
              "Project": "web-application",
              "Team": "backend-services"
            },
            "timeouts": null,
            "vpc_id": "vpc-01ba43b1df9f44bcd",
            "xff_header_processing_mode": "append",
            "zone_id": "Z35SXDOTRQ7X7K"
          },
          "sensitive_attributes": [],
          "private": "eyJlMmJmYjczMC1lY2FhLTExZTYtOGY4OC0zNDM2M2JjN2M0YzAiOnsiY3JlYXRlIjo2MDAwMDAwMDAwMDAsImRlbGV0ZSI6NjAwMDAwMDAwMDAwLCJ1cGRhdGUiOjYwMDAwMDAwMDAwMH19",
          "dependencies": [
            "data.aws_availability_zones.available",
            "module.vpc.aws_security_group.alb",
            "module.vpc.aws_subnet.public",
            "module.vpc.aws_vpc.main"
          ]
        }
      ]
    },
    {
      "module": "module.alb",
      "mode": "managed",
      "type": "aws_lb_listener",
      "name": "http",
      "provider": "provider[\"registry.terraform.io/hashicorp/aws\"]",
      "instances": [
        {
          "schema_version": 0,
          "attributes": {
            "alpn_policy": null,
            "arn": "arn:aws:elasticloadbalancing:us-east-1:476114144886:listener/app/prod-application-alb/445c6bd6340e2b9a/6571f76f741b4c22",
            "certificate_arn": null,
            "default_action": [
              {
                "authenticate_cognito": [],
                "authenticate_oidc": [],
                "fixed_response": [],
                "forward": [],
                "order": 1,
                "redirect": [],
                "target_group_arn": "arn:aws:elasticloadbalancing:us-east-1:476114144886:targetgroup/prod-app-servers-tg/b4cbcd046d3c740b",
                "type": "forward"
              }
            ],
            "id": "arn:aws:elasticloadbalancing:us-east-1:476114144886:listener/app/prod-application-alb/445c6bd6340e2b9a/6571f76f741b4c22",
            "load_balancer_arn": "arn:aws:elasticloadbalancing:us-east-1:476114144886:loadbalancer/app/prod-application-alb/445c6bd6340e2b9a",
            "mutual_authentication": [],
            "port": 80,
            "protocol": "HTTP",
            "routing_http_request_x_amzn_mtls_clientcert_header_name": null,
            "routing_http_request_x_amzn_mtls_clientcert_issuer_header_name": null,
            "routing_http_request_x_amzn_mtls_clientcert_leaf_header_name": null,
            "routing_http_request_x_amzn_mtls_clientcert_serial_number_header_name": null,
            "routing_http_request_x_amzn_mtls_clientcert_subject_header_name": null,
            "routing_http_request_x_amzn_mtls_clientcert_validity_header_name": null,
            "routing_http_request_x_amzn_tls_cipher_suite_header_name": null,
            "routing_http_request_x_amzn_tls_version_header_name": null,
            "routing_http_response_access_control_allow_credentials_header_value": "",
            "routing_http_response_access_control_allow_headers_header_value": "",
            "routing_http_response_access_control_allow_methods_header_value": "",
            "routing_http_response_access_control_allow_origin_header_value": "",
            "routing_http_response_access_control_expose_headers_header_value": "",
            "routing_http_response_access_control_max_age_header_value": "",
            "routing_http_response_content_security_policy_header_value": "",
            "routing_http_response_server_enabled": true,
            "routing_http_response_strict_transport_security_header_value": "",
            "routing_http_response_x_content_type_options_header_value": "",
            "routing_http_response_x_frame_options_header_value": "",
            "ssl_policy": "",
            "tags": {},
            "tags_all": {},
            "tcp_idle_timeout_seconds": null,
            "timeouts": null
          },
          "sensitive_attributes": [],
          "private": "eyJlMmJmYjczMC1lY2FhLTExZTYtOGY4OC0zNDM2M2JjN2M0YzAiOnsiY3JlYXRlIjozMDAwMDAwMDAwMDAsInVwZGF0ZSI6MzAwMDAwMDAwMDAwfX0=",
          "dependencies": [
            "data.aws_availability_zones.available",
            "module.alb.aws_lb.main",
            "module.alb.aws_lb_target_group.main",
            "module.vpc.aws_security_group.alb",
            "module.vpc.aws_subnet.public",
            "module.vpc.aws_vpc.main"
          ]
        }
      ]
    },
    {
      "module": "module.alb",
      "mode": "managed",
      "type": "aws_lb_target_group",
      "name": "main",
      "provider": "provider[\"registry.terraform.io/hashicorp/aws\"]",
      "instances": [
        {
          "schema_version": 0,
          "attributes": {
            "arn": "arn:aws:elasticloadbalancing:us-east-1:476114144886:targetgroup/prod-app-servers-tg/b4cbcd046d3c740b",
            "arn_suffix": "targetgroup/prod-app-servers-tg/b4cbcd046d3c740b",
            "connection_termination": null,
            "deregistration_delay": "300",
            "health_check": [
              {
                "enabled": true,
                "healthy_threshold": 2,
                "interval": 30,
                "matcher": "200",
                "path": "/",
                "port": "traffic-port",
                "protocol": "HTTP",
                "timeout": 5,
                "unhealthy_threshold": 2
              }
            ],
            "id": "arn:aws:elasticloadbalancing:us-east-1:476114144886:targetgroup/prod-app-servers-tg/b4cbcd046d3c740b",
            "ip_address_type": "ipv4",
            "lambda_multi_value_headers_enabled": false,
            "load_balancer_arns": [
              "arn:aws:elasticloadbalancing:us-east-1:476114144886:loadbalancer/app/prod-application-alb/445c6bd6340e2b9a"
            ],
            "load_balancing_algorithm_type": "round_robin",
            "load_balancing_anomaly_mitigation": "off",
            "load_balancing_cross_zone_enabled": "use_load_balancer_configuration",
            "name": "prod-app-servers-tg",
            "name_prefix": "",
            "port": 80,
            "preserve_client_ip": null,
            "protocol": "HTTP",
            "protocol_version": "HTTP1",
            "proxy_protocol_v2": false,
            "slow_start": 0,
            "stickiness": [
              {
                "cookie_duration": 86400,
                "cookie_name": "",
                "enabled": false,
                "type": "lb_cookie"
              }
            ],
            "tags": {
              "Application": "web-app",
              "Backup": "required",
              "CostCenter": "engineering",
              "CreatedDate": "2025-06-15",
              "Environment": "production",
              "ManagedBy": "terraform",
              "Monitoring": "enabled",
              "Name": "prod-app-servers-tg",
              "Owner": "devops-team",
              "Project": "web-application",
              "Team": "backend-services"
            },
            "tags_all": {
              "Application": "web-app",
              "Backup": "required",
              "CostCenter": "engineering",
              "CreatedDate": "2025-06-15",
              "Environment": "production",
              "ManagedBy": "terraform",
              "Monitoring": "enabled",
              "Name": "prod-app-servers-tg",
              "Owner": "devops-team",
              "Project": "web-application",
              "Team": "backend-services"
            },
            "target_failover": [
              {
                "on_deregistration": null,
                "on_unhealthy": null
              }
            ],
            "target_group_health": [
              {
                "dns_failover": [
                  {
                    "minimum_healthy_targets_count": "1",
                    "minimum_healthy_targets_percentage": "off"
                  }
                ],
                "unhealthy_state_routing": [
                  {
                    "minimum_healthy_targets_count": 1,
                    "minimum_healthy_targets_percentage": "off"
                  }
                ]
              }
            ],
            "target_health_state": [
              {
                "enable_unhealthy_connection_termination": null,
                "unhealthy_draining_interval": null
              }
            ],
            "target_type": "instance",
            "vpc_id": "vpc-01ba43b1df9f44bcd"
          },
          "sensitive_attributes": [],
          "private": "bnVsbA==",
          "dependencies": [
            "module.vpc.aws_vpc.main"
          ]
        }
      ]
    },
    {
      "module": "module.alb",
      "mode": "managed",
      "type": "aws_lb_target_group_attachment",
      "name": "app",
      "provider": "provider[\"registry.terraform.io/hashicorp/aws\"]",
      "instances": [
        {
          "index_key": 0,
          "schema_version": 0,
          "attributes": {
            "availability_zone": null,
            "id": "arn:aws:elasticloadbalancing:us-east-1:476114144886:targetgroup/prod-app-servers-tg/b4cbcd046d3c740b-20250618171318479400000008",
            "port": 80,
            "target_group_arn": "arn:aws:elasticloadbalancing:us-east-1:476114144886:targetgroup/prod-app-servers-tg/b4cbcd046d3c740b",
            "target_id": "i-035993dadf4ecfaad"
          },
          "sensitive_attributes": [],
          "private": "bnVsbA==",
          "dependencies": [
            "aws_iam_instance_profile.ec2_profile",
            "aws_iam_role.ec2_role",
            "data.aws_availability_zones.available",
            "module.alb.aws_lb_target_group.main",
            "module.ec2.aws_instance.app",
            "module.ec2.data.aws_ami.amazon_linux",
            "module.vpc.aws_security_group.alb",
            "module.vpc.aws_security_group.ec2",
            "module.vpc.aws_subnet.private",
            "module.vpc.aws_vpc.main"
          ]
        },
        {
          "index_key": 1,
          "schema_version": 0,
          "attributes": {
            "availability_zone": null,
            "id": "arn:aws:elasticloadbalancing:us-east-1:476114144886:targetgroup/prod-app-servers-tg/b4cbcd046d3c740b-20250618171318159500000007",
            "port": 80,
            "target_group_arn": "arn:aws:elasticloadbalancing:us-east-1:476114144886:targetgroup/prod-app-servers-tg/b4cbcd046d3c740b",
            "target_id": "i-028e80b3fa2c04c91"
          },
          "sensitive_attributes": [],
          "private": "bnVsbA==",
          "dependencies": [
            "aws_iam_instance_profile.ec2_profile",
            "aws_iam_role.ec2_role",
            "data.aws_availability_zones.available",
            "module.alb.aws_lb_target_group.main",
            "module.ec2.aws_instance.app",
            "module.ec2.data.aws_ami.amazon_linux",
            "module.vpc.aws_security_group.alb",
            "module.vpc.aws_security_group.ec2",
            "module.vpc.aws_subnet.private",
            "module.vpc.aws_vpc.main"
          ]
        }
      ]
    },
    {
      "module": "module.ec2",
      "mode": "data",
      "type": "aws_ami",
      "name": "amazon_linux",
      "provider": "provider[\"registry.terraform.io/hashicorp/aws\"]",
      "instances": [
        {
          "schema_version": 0,
          "attributes": {
            "architecture": "x86_64",
            "arn": "arn:aws:ec2:us-east-1::image/ami-02b3c03c6fadb6e2c",
            "block_device_mappings": [
              {
                "device_name": "/dev/xvda",
                "ebs": {
                  "delete_on_termination": "true",
                  "encrypted": "false",
                  "iops": "0",
                  "snapshot_id": "snap-04ce47de64ef52a80",
                  "throughput": "0",
                  "volume_initialization_rate": "0",
                  "volume_size": "8",
                  "volume_type": "gp2"
                },
                "no_device": "",
                "virtual_name": ""
              }
            ],
            "boot_mode": "",
            "creation_date": "2025-06-11T01:27:34.000Z",
            "deprecation_time": "2025-09-09T01:28:00.000Z",
            "description": "Amazon Linux 2 AMI 2.0.20250610.0 x86_64 HVM gp2",
            "ena_support": true,
            "executable_users": null,
            "filter": [
              {
                "name": "name",
                "values": [
                  "amzn2-ami-hvm-*-x86_64-gp2"
                ]
              },
              {
                "name": "virtualization-type",
                "values": [
                  "hvm"
                ]
              }
            ],
            "hypervisor": "xen",
            "id": "ami-02b3c03c6fadb6e2c",
            "image_id": "ami-02b3c03c6fadb6e2c",
            "image_location": "amazon/amzn2-ami-hvm-2.0.20250610.0-x86_64-gp2",
            "image_owner_alias": "amazon",
            "image_type": "machine",
            "imds_support": "",
            "include_deprecated": false,
            "kernel_id": "",
            "last_launched_time": "",
            "most_recent": true,
            "name": "amzn2-ami-hvm-2.0.20250610.0-x86_64-gp2",
            "name_regex": null,
            "owner_id": "137112412989",
            "owners": [
              "amazon"
            ],
            "platform": "",
            "platform_details": "Linux/UNIX",
            "product_codes": [],
            "public": true,
            "ramdisk_id": "",
            "root_device_name": "/dev/xvda",
            "root_device_type": "ebs",
            "root_snapshot_id": "snap-04ce47de64ef52a80",
            "sriov_net_support": "simple",
            "state": "available",
            "state_reason": {
              "code": "UNSET",
              "message": "UNSET"
            },
            "tags": {},
            "timeouts": null,
            "tpm_support": "",
            "uefi_data": null,
            "usage_operation": "RunInstances",
            "virtualization_type": "hvm"
          },
          "sensitive_attributes": []
        }
      ]
    },
    {
      "module": "module.ec2",
      "mode": "managed",
      "type": "aws_instance",
      "name": "app",
      "provider": "provider[\"registry.terraform.io/hashicorp/aws\"]",
      "instances": [
        {
          "index_key": 0,
          "schema_version": 1,
          "attributes": {
            "ami": "ami-02b3c03c6fadb6e2c",
            "arn": "arn:aws:ec2:us-east-1:476114144886:instance/i-035993dadf4ecfaad",
            "associate_public_ip_address": false,
            "availability_zone": "us-east-1a",
            "capacity_reservation_specification": [
              {
                "capacity_reservation_preference": "open",
                "capacity_reservation_target": []
              }
            ],
            "cpu_core_count": 1,
            "cpu_options": [
              {
                "amd_sev_snp": "",
                "core_count": 1,
                "threads_per_core": 2
              }
            ],
            "cpu_threads_per_core": 2,
            "credit_specification": [
              {
                "cpu_credits": "unlimited"
              }
            ],
            "disable_api_stop": false,
            "disable_api_termination": false,
            "ebs_block_device": [],
            "ebs_optimized": false,
            "enable_primary_ipv6": null,
            "enclave_options": [
              {
                "enabled": false
              }
            ],
            "ephemeral_block_device": [],
            "get_password_data": false,
            "hibernation": false,
            "host_id": "",
            "host_resource_group_arn": null,
            "iam_instance_profile": "fullstack-app-v2-ec2-instance-profile",
            "id": "i-035993dadf4ecfaad",
            "instance_initiated_shutdown_behavior": "stop",
            "instance_lifecycle": "",
            "instance_market_options": [],
            "instance_state": "running",
            "instance_type": "t3.small",
            "ipv6_address_count": 0,
            "ipv6_addresses": [],
            "key_name": "prod-app-keypair",
            "launch_template": [],
            "maintenance_options": [
              {
                "auto_recovery": "default"
              }
            ],
            "metadata_options": [
              {
                "http_endpoint": "enabled",
                "http_protocol_ipv6": "disabled",
                "http_put_response_hop_limit": 1,
                "http_tokens": "optional",
                "instance_metadata_tags": "disabled"
              }
            ],
            "monitoring": false,
            "network_interface": [],
            "outpost_arn": "",
            "password_data": "",
            "placement_group": "",
            "placement_partition_number": 0,
            "primary_network_interface_id": "eni-0d7d42edb090f73db",
            "private_dns": "ip-10-10-10-113.ec2.internal",
            "private_dns_name_options": [
              {
                "enable_resource_name_dns_a_record": false,
                "enable_resource_name_dns_aaaa_record": false,
                "hostname_type": "ip-name"
              }
            ],
            "private_ip": "10.10.10.113",
            "public_dns": "",
            "public_ip": "",
            "root_block_device": [
              {
                "delete_on_termination": true,
                "device_name": "/dev/xvda",
                "encrypted": false,
                "iops": 100,
                "kms_key_id": "",
                "tags": {},
                "tags_all": {},
                "throughput": 0,
                "volume_id": "vol-016640f02af7be98e",
                "volume_size": 8,
                "volume_type": "gp2"
              }
            ],
            "secondary_private_ips": [],
            "security_groups": [],
            "source_dest_check": true,
            "spot_instance_request_id": "",
            "subnet_id": "subnet-08e09b12984618ce9",
            "tags": {
              "Application": "web-app",
              "AvailabilityZone": "us-east-1a",
              "Backup": "required",
              "CostCenter": "engineering",
              "CreatedDate": "2025-06-15",
              "Description": "Production web server instance 1",
              "Environment": "production",
              "ManagedBy": "terraform",
              "Monitoring": "enabled",
              "Name": "web-application-ec2-us-east-1a",
              "Owner": "devops-team",
              "Project": "web-application",
              "Role": "WebServer",
              "Team": "backend-services",
              "Tier": "private",
              "Type": "EC2Instance"
            },
            "tags_all": {
              "Application": "web-app",
              "AvailabilityZone": "us-east-1a",
              "Backup": "required",
              "CostCenter": "engineering",
              "CreatedDate": "2025-06-15",
              "Description": "Production web server instance 1",
              "Environment": "production",
              "ManagedBy": "terraform",
              "Monitoring": "enabled",
              "Name": "web-application-ec2-us-east-1a",
              "Owner": "devops-team",
              "Project": "web-application",
              "Role": "WebServer",
              "Team": "backend-services",
              "Tier": "private",
              "Type": "EC2Instance"
            },
            "tenancy": "default",
            "timeouts": null,
            "user_data": "f4c54f9c83fb97b81edab48b509743d955ce427b",
            "user_data_base64": null,
            "user_data_replace_on_change": false,
            "volume_tags": null,
            "vpc_security_group_ids": [
              "sg-0851883a5a1484740"
            ]
          },
          "sensitive_attributes": [],
          "private": "eyJlMmJmYjczMC1lY2FhLTExZTYtOGY4OC0zNDM2M2JjN2M0YzAiOnsiY3JlYXRlIjo2MDAwMDAwMDAwMDAsImRlbGV0ZSI6MTIwMDAwMDAwMDAwMCwicmVhZCI6OTAwMDAwMDAwMDAwLCJ1cGRhdGUiOjYwMDAwMDAwMDAwMH0sInNjaGVtYV92ZXJzaW9uIjoiMSJ9",
          "dependencies": [
            "aws_iam_instance_profile.ec2_profile",
            "aws_iam_role.ec2_role",
            "data.aws_availability_zones.available",
            "module.ec2.data.aws_ami.amazon_linux",
            "module.vpc.aws_security_group.alb",
            "module.vpc.aws_security_group.ec2",
            "module.vpc.aws_subnet.private",
            "module.vpc.aws_vpc.main"
          ]
        },
        {
          "index_key": 1,
          "schema_version": 1,
          "attributes": {
            "ami": "ami-02b3c03c6fadb6e2c",
            "arn": "arn:aws:ec2:us-east-1:476114144886:instance/i-028e80b3fa2c04c91",
            "associate_public_ip_address": false,
            "availability_zone": "us-east-1b",
            "capacity_reservation_specification": [
              {
                "capacity_reservation_preference": "open",
                "capacity_reservation_target": []
              }
            ],
            "cpu_core_count": 1,
            "cpu_options": [
              {
                "amd_sev_snp": "",
                "core_count": 1,
                "threads_per_core": 2
              }
            ],
            "cpu_threads_per_core": 2,
            "credit_specification": [
              {
                "cpu_credits": "unlimited"
              }
            ],
            "disable_api_stop": false,
            "disable_api_termination": false,
            "ebs_block_device": [],
            "ebs_optimized": false,
            "enable_primary_ipv6": null,
            "enclave_options": [
              {
                "enabled": false
              }
            ],
            "ephemeral_block_device": [],
            "get_password_data": false,
            "hibernation": false,
            "host_id": "",
            "host_resource_group_arn": null,
            "iam_instance_profile": "fullstack-app-v2-ec2-instance-profile",
            "id": "i-028e80b3fa2c04c91",
            "instance_initiated_shutdown_behavior": "stop",
            "instance_lifecycle": "",
            "instance_market_options": [],
            "instance_state": "running",
            "instance_type": "t3.small",
            "ipv6_address_count": 0,
            "ipv6_addresses": [],
            "key_name": "prod-app-keypair",
            "launch_template": [],
            "maintenance_options": [
              {
                "auto_recovery": "default"
              }
            ],
            "metadata_options": [
              {
                "http_endpoint": "enabled",
                "http_protocol_ipv6": "disabled",
                "http_put_response_hop_limit": 1,
                "http_tokens": "optional",
                "instance_metadata_tags": "disabled"
              }
            ],
            "monitoring": false,
            "network_interface": [],
            "outpost_arn": "",
            "password_data": "",
            "placement_group": "",
            "placement_partition_number": 0,
            "primary_network_interface_id": "eni-02bc6ec05541ddc1e",
            "private_dns": "ip-10-10-20-78.ec2.internal",
            "private_dns_name_options": [
              {
                "enable_resource_name_dns_a_record": false,
                "enable_resource_name_dns_aaaa_record": false,
                "hostname_type": "ip-name"
              }
            ],
            "private_ip": "10.10.20.78",
            "public_dns": "",
            "public_ip": "",
            "root_block_device": [
              {
                "delete_on_termination": true,
                "device_name": "/dev/xvda",
                "encrypted": false,
                "iops": 100,
                "kms_key_id": "",
                "tags": {},
                "tags_all": {},
                "throughput": 0,
                "volume_id": "vol-0350d82c09eb20664",
                "volume_size": 8,
                "volume_type": "gp2"
              }
            ],
            "secondary_private_ips": [],
            "security_groups": [],
            "source_dest_check": true,
            "spot_instance_request_id": "",
            "subnet_id": "subnet-0057af55c3192932a",
            "tags": {
              "Application": "web-app",
              "AvailabilityZone": "us-east-1b",
              "Backup": "required",
              "CostCenter": "engineering",
              "CreatedDate": "2025-06-15",
              "Description": "Production web server instance 2",
              "Environment": "production",
              "ManagedBy": "terraform",
              "Monitoring": "enabled",
              "Name": "web-application-ec2-us-east-1b",
              "Owner": "devops-team",
              "Project": "web-application",
              "Role": "WebServer",
              "Team": "backend-services",
              "Tier": "private",
              "Type": "EC2Instance"
            },
            "tags_all": {
              "Application": "web-app",
              "AvailabilityZone": "us-east-1b",
              "Backup": "required",
              "CostCenter": "engineering",
              "CreatedDate": "2025-06-15",
              "Description": "Production web server instance 2",
              "Environment": "production",
              "ManagedBy": "terraform",
              "Monitoring": "enabled",
              "Name": "web-application-ec2-us-east-1b",
              "Owner": "devops-team",
              "Project": "web-application",
              "Role": "WebServer",
              "Team": "backend-services",
              "Tier": "private",
              "Type": "EC2Instance"
            },
            "tenancy": "default",
            "timeouts": null,
            "user_data": "f4c54f9c83fb97b81edab48b509743d955ce427b",
            "user_data_base64": null,
            "user_data_replace_on_change": false,
            "volume_tags": null,
            "vpc_security_group_ids": [
              "sg-0851883a5a1484740"
            ]
          },
          "sensitive_attributes": [],
          "private": "eyJlMmJmYjczMC1lY2FhLTExZTYtOGY4OC0zNDM2M2JjN2M0YzAiOnsiY3JlYXRlIjo2MDAwMDAwMDAwMDAsImRlbGV0ZSI6MTIwMDAwMDAwMDAwMCwicmVhZCI6OTAwMDAwMDAwMDAwLCJ1cGRhdGUiOjYwMDAwMDAwMDAwMH0sInNjaGVtYV92ZXJzaW9uIjoiMSJ9",
          "dependencies": [
            "aws_iam_instance_profile.ec2_profile",
            "aws_iam_role.ec2_role",
            "data.aws_availability_zones.available",
            "module.ec2.data.aws_ami.amazon_linux",
            "module.vpc.aws_security_group.alb",
            "module.vpc.aws_security_group.ec2",
            "module.vpc.aws_subnet.private",
            "module.vpc.aws_vpc.main"
          ]
        }
      ]
    },
    {
      "module": "module.ec2",
      "mode": "managed",
      "type": "aws_instance",
      "name": "bastion",
      "provider": "provider[\"registry.terraform.io/hashicorp/aws\"]",
      "instances": [
        {
          "schema_version": 1,
          "attributes": {
            "ami": "ami-02b3c03c6fadb6e2c",
            "arn": "arn:aws:ec2:us-east-1:476114144886:instance/i-081770a6ac9122884",
            "associate_public_ip_address": true,
            "availability_zone": "us-east-1a",
            "capacity_reservation_specification": [
              {
                "capacity_reservation_preference": "open",
                "capacity_reservation_target": []
              }
            ],
            "cpu_core_count": 1,
            "cpu_options": [
              {
                "amd_sev_snp": "",
                "core_count": 1,
                "threads_per_core": 1
              }
            ],
            "cpu_threads_per_core": 1,
            "credit_specification": [
              {
                "cpu_credits": "standard"
              }
            ],
            "disable_api_stop": false,
            "disable_api_termination": false,
            "ebs_block_device": [],
            "ebs_optimized": false,
            "enable_primary_ipv6": null,
            "enclave_options": [
              {
                "enabled": false
              }
            ],
            "ephemeral_block_device": [],
            "get_password_data": false,
            "hibernation": false,
            "host_id": "",
            "host_resource_group_arn": null,
            "iam_instance_profile": "",
            "id": "i-081770a6ac9122884",
            "instance_initiated_shutdown_behavior": "stop",
            "instance_lifecycle": "",
            "instance_market_options": [],
            "instance_state": "running",
            "instance_type": "t2.micro",
            "ipv6_address_count": 0,
            "ipv6_addresses": [],
            "key_name": "prod-app-keypair",
            "launch_template": [],
            "maintenance_options": [
              {
                "auto_recovery": "default"
              }
            ],
            "metadata_options": [
              {
                "http_endpoint": "enabled",
                "http_protocol_ipv6": "disabled",
                "http_put_response_hop_limit": 1,
                "http_tokens": "optional",
                "instance_metadata_tags": "disabled"
              }
            ],
            "monitoring": false,
            "network_interface": [],
            "outpost_arn": "",
            "password_data": "",
            "placement_group": "",
            "placement_partition_number": 0,
            "primary_network_interface_id": "eni-0581b8e3f540632a0",
            "private_dns": "ip-10-10-100-204.ec2.internal",
            "private_dns_name_options": [
              {
                "enable_resource_name_dns_a_record": false,
                "enable_resource_name_dns_aaaa_record": false,
                "hostname_type": "ip-name"
              }
            ],
            "private_ip": "10.10.100.204",
            "public_dns": "ec2-13-222-62-3.compute-1.amazonaws.com",
            "public_ip": "13.222.62.3",
            "root_block_device": [
              {
                "delete_on_termination": true,
                "device_name": "/dev/xvda",
                "encrypted": false,
                "iops": 100,
                "kms_key_id": "",
                "tags": {},
                "tags_all": {},
                "throughput": 0,
                "volume_id": "vol-07868e2c6d1b0566e",
                "volume_size": 8,
                "volume_type": "gp2"
              }
            ],
            "secondary_private_ips": [],
            "security_groups": [],
            "source_dest_check": true,
            "spot_instance_request_id": "",
            "subnet_id": "subnet-015fbd6ef17c78767",
            "tags": {
              "Application": "web-app",
              "Backup": "required",
              "CostCenter": "engineering",
              "CreatedDate": "2025-06-15",
              "Environment": "production",
              "ManagedBy": "terraform",
              "Monitoring": "enabled",
              "Name": "bastion-host",
              "Owner": "devops-team",
              "Project": "web-application",
              "Team": "backend-services"
            },
            "tags_all": {
              "Application": "web-app",
              "Backup": "required",
              "CostCenter": "engineering",
              "CreatedDate": "2025-06-15",
              "Environment": "production",
              "ManagedBy": "terraform",
              "Monitoring": "enabled",
              "Name": "bastion-host",
              "Owner": "devops-team",
              "Project": "web-application",
              "Team": "backend-services"
            },
            "tenancy": "default",
            "timeouts": null,
            "user_data": null,
            "user_data_base64": null,
            "user_data_replace_on_change": false,
            "volume_tags": null,
            "vpc_security_group_ids": [
              "sg-00bb9771792a4ca7a"
            ]
          },
          "sensitive_attributes": [],
          "private": "eyJlMmJmYjczMC1lY2FhLTExZTYtOGY4OC0zNDM2M2JjN2M0YzAiOnsiY3JlYXRlIjo2MDAwMDAwMDAwMDAsImRlbGV0ZSI6MTIwMDAwMDAwMDAwMCwicmVhZCI6OTAwMDAwMDAwMDAwLCJ1cGRhdGUiOjYwMDAwMDAwMDAwMH0sInNjaGVtYV92ZXJzaW9uIjoiMSJ9",
          "dependencies": [
            "data.aws_availability_zones.available",
            "module.ec2.data.aws_ami.amazon_linux",
            "module.vpc.aws_subnet.public",
            "module.vpc.aws_vpc.main"
          ]
        }
      ]
    },
    {
      "module": "module.vpc",
      "mode": "managed",
      "type": "aws_eip",
      "name": "nat",
      "provider": "provider[\"registry.terraform.io/hashicorp/aws\"]",
      "instances": [
        {
          "schema_version": 0,
          "attributes": {
            "address": null,
            "allocation_id": "eipalloc-08eb5c425a21b137c",
            "arn": "arn:aws:ec2:us-east-1:476114144886:elastic-ip/eipalloc-08eb5c425a21b137c",
            "associate_with_private_ip": null,
            "association_id": "eipassoc-051f2e5306110a293",
            "carrier_ip": "",
            "customer_owned_ip": "",
            "customer_owned_ipv4_pool": "",
            "domain": "vpc",
            "id": "eipalloc-08eb5c425a21b137c",
            "instance": "",
            "ipam_pool_id": null,
            "network_border_group": "us-east-1",
            "network_interface": "eni-0f1668323d9cbd1ca",
            "private_dns": "ip-10-10-100-33.ec2.internal",
            "private_ip": "10.10.100.33",
            "ptr_record": "",
            "public_dns": "ec2-54-209-18-175.compute-1.amazonaws.com",
            "public_ip": "54.209.18.175",
            "public_ipv4_pool": "amazon",
            "tags": {
              "Application": "web-app",
              "Backup": "required",
              "CostCenter": "engineering",
              "CreatedDate": "2025-06-15",
              "Environment": "production",
              "ManagedBy": "terraform",
              "Monitoring": "enabled",
              "Name": "prod-application-vpc-nat-gateway-eip",
              "Owner": "devops-team",
              "Project": "web-application",
              "Team": "backend-services",
              "Type": "ElasticIP"
            },
            "tags_all": {
              "Application": "web-app",
              "Backup": "required",
              "CostCenter": "engineering",
              "CreatedDate": "2025-06-15",
              "Environment": "production",
              "ManagedBy": "terraform",
              "Monitoring": "enabled",
              "Name": "prod-application-vpc-nat-gateway-eip",
              "Owner": "devops-team",
              "Project": "web-application",
              "Team": "backend-services",
              "Type": "ElasticIP"
            },
            "timeouts": null,
            "vpc": true
          },
          "sensitive_attributes": [],
          "private": "eyJlMmJmYjczMC1lY2FhLTExZTYtOGY4OC0zNDM2M2JjN2M0YzAiOnsiZGVsZXRlIjoxODAwMDAwMDAwMDAsInJlYWQiOjkwMDAwMDAwMDAwMCwidXBkYXRlIjozMDAwMDAwMDAwMDB9fQ=="
        }
      ]
    },
    {
      "module": "module.vpc",
      "mode": "managed",
      "type": "aws_internet_gateway",
      "name": "main",
      "provider": "provider[\"registry.terraform.io/hashicorp/aws\"]",
      "instances": [
        {
          "schema_version": 0,
          "attributes": {
            "arn": "arn:aws:ec2:us-east-1:476114144886:internet-gateway/igw-042f33bc36dc77f30",
            "id": "igw-042f33bc36dc77f30",
            "owner_id": "476114144886",
            "tags": {
              "Application": "web-app",
              "Backup": "required",
              "CostCenter": "engineering",
              "CreatedDate": "2025-06-15",
              "Description": "Internet Gateway for ALB public access",
              "Environment": "production",
              "ManagedBy": "terraform",
              "Monitoring": "enabled",
              "Name": "prod-application-vpc-internet-gateway",
              "Owner": "devops-team",
              "Project": "web-application",
              "Team": "backend-services",
              "Type": "InternetGateway"
            },
            "tags_all": {
              "Application": "web-app",
              "Backup": "required",
              "CostCenter": "engineering",
              "CreatedDate": "2025-06-15",
              "Description": "Internet Gateway for ALB public access",
              "Environment": "production",
              "ManagedBy": "terraform",
              "Monitoring": "enabled",
              "Name": "prod-application-vpc-internet-gateway",
              "Owner": "devops-team",
              "Project": "web-application",
              "Team": "backend-services",
              "Type": "InternetGateway"
            },
            "timeouts": null,
            "vpc_id": "vpc-01ba43b1df9f44bcd"
          },
          "sensitive_attributes": [],
          "private": "eyJlMmJmYjczMC1lY2FhLTExZTYtOGY4OC0zNDM2M2JjN2M0YzAiOnsiY3JlYXRlIjoxMjAwMDAwMDAwMDAwLCJkZWxldGUiOjEyMDAwMDAwMDAwMDAsInVwZGF0ZSI6MTIwMDAwMDAwMDAwMH19",
          "dependencies": [
            "module.vpc.aws_vpc.main"
          ]
        }
      ]
    },
    {
      "module": "module.vpc",
      "mode": "managed",
      "type": "aws_nat_gateway",
      "name": "main",
      "provider": "provider[\"registry.terraform.io/hashicorp/aws\"]",
      "instances": [
        {
          "schema_version": 0,
          "attributes": {
            "allocation_id": "eipalloc-08eb5c425a21b137c",
            "association_id": "eipassoc-051f2e5306110a293",
            "connectivity_type": "public",
            "id": "nat-0ef1cc33a035d8c3c",
            "network_interface_id": "eni-0f1668323d9cbd1ca",
            "private_ip": "10.10.100.33",
            "public_ip": "54.209.18.175",
            "secondary_allocation_ids": [],
            "secondary_private_ip_address_count": 0,
            "secondary_private_ip_addresses": [],
            "subnet_id": "subnet-015fbd6ef17c78767",
            "tags": {
              "Application": "web-app",
              "Backup": "required",
              "CostCenter": "engineering",
              "CreatedDate": "2025-06-15",
              "Environment": "production",
              "ManagedBy": "terraform",
              "Monitoring": "enabled",
              "Name": "prod-application-vpc-nat-gateway",
              "Owner": "devops-team",
              "Project": "web-application",
              "Team": "backend-services",
              "Type": "NATGateway"
            },
            "tags_all": {
              "Application": "web-app",
              "Backup": "required",
              "CostCenter": "engineering",
              "CreatedDate": "2025-06-15",
              "Environment": "production",
              "ManagedBy": "terraform",
              "Monitoring": "enabled",
              "Name": "prod-application-vpc-nat-gateway",
              "Owner": "devops-team",
              "Project": "web-application",
              "Team": "backend-services",
              "Type": "NATGateway"
            },
            "timeouts": null
          },
          "sensitive_attributes": [],
          "private": "eyJlMmJmYjczMC1lY2FhLTExZTYtOGY4OC0zNDM2M2JjN2M0YzAiOnsiY3JlYXRlIjo2MDAwMDAwMDAwMDAsImRlbGV0ZSI6MTgwMDAwMDAwMDAwMCwidXBkYXRlIjo2MDAwMDAwMDAwMDB9fQ==",
          "dependencies": [
            "data.aws_availability_zones.available",
            "module.vpc.aws_eip.nat",
            "module.vpc.aws_internet_gateway.main",
            "module.vpc.aws_subnet.public",
            "module.vpc.aws_vpc.main"
          ]
        }
      ]
    },
    {
      "module": "module.vpc",
      "mode": "managed",
      "type": "aws_route_table",
      "name": "private",
      "provider": "provider[\"registry.terraform.io/hashicorp/aws\"]",
      "instances": [
        {
          "schema_version": 0,
          "attributes": {
            "arn": "arn:aws:ec2:us-east-1:476114144886:route-table/rtb-0e4913facebf23a6c",
            "id": "rtb-0e4913facebf23a6c",
            "owner_id": "476114144886",
            "propagating_vgws": [],
            "route": [
              {
                "carrier_gateway_id": "",
                "cidr_block": "0.0.0.0/0",
                "core_network_arn": "",
                "destination_prefix_list_id": "",
                "egress_only_gateway_id": "",
                "gateway_id": "",
                "ipv6_cidr_block": "",
                "local_gateway_id": "",
                "nat_gateway_id": "nat-0ef1cc33a035d8c3c",
                "network_interface_id": "",
                "transit_gateway_id": "",
                "vpc_endpoint_id": "",
                "vpc_peering_connection_id": ""
              }
            ],
            "tags": {
              "Application": "web-app",
              "Backup": "required",
              "CostCenter": "engineering",
              "CreatedDate": "2025-06-15",
              "Description": "Route table for private subnets (no internet access)",
              "Environment": "production",
              "ManagedBy": "terraform",
              "Monitoring": "enabled",
              "Name": "prod-application-vpc-private-route-table",
              "Owner": "devops-team",
              "Project": "web-application",
              "Team": "backend-services",
              "Tier": "private",
              "Type": "RouteTable"
            },
            "tags_all": {
              "Application": "web-app",
              "Backup": "required",
              "CostCenter": "engineering",
              "CreatedDate": "2025-06-15",
              "Description": "Route table for private subnets (no internet access)",
              "Environment": "production",
              "ManagedBy": "terraform",
              "Monitoring": "enabled",
              "Name": "prod-application-vpc-private-route-table",
              "Owner": "devops-team",
              "Project": "web-application",
              "Team": "backend-services",
              "Tier": "private",
              "Type": "RouteTable"
            },
            "timeouts": null,
            "vpc_id": "vpc-01ba43b1df9f44bcd"
          },
          "sensitive_attributes": [],
          "private": "eyJlMmJmYjczMC1lY2FhLTExZTYtOGY4OC0zNDM2M2JjN2M0YzAiOnsiY3JlYXRlIjozMDAwMDAwMDAwMDAsImRlbGV0ZSI6MzAwMDAwMDAwMDAwLCJ1cGRhdGUiOjEyMDAwMDAwMDAwMH19",
          "dependencies": [
            "data.aws_availability_zones.available",
            "module.vpc.aws_eip.nat",
            "module.vpc.aws_internet_gateway.main",
            "module.vpc.aws_nat_gateway.main",
            "module.vpc.aws_subnet.public",
            "module.vpc.aws_vpc.main"
          ]
        }
      ]
    },
    {
      "module": "module.vpc",
      "mode": "managed",
      "type": "aws_route_table",
      "name": "public",
      "provider": "provider[\"registry.terraform.io/hashicorp/aws\"]",
      "instances": [
        {
          "schema_version": 0,
          "attributes": {
            "arn": "arn:aws:ec2:us-east-1:476114144886:route-table/rtb-07576a98f20eeaaeb",
            "id": "rtb-07576a98f20eeaaeb",
            "owner_id": "476114144886",
            "propagating_vgws": [],
            "route": [
              {
                "carrier_gateway_id": "",
                "cidr_block": "0.0.0.0/0",
                "core_network_arn": "",
                "destination_prefix_list_id": "",
                "egress_only_gateway_id": "",
                "gateway_id": "igw-042f33bc36dc77f30",
                "ipv6_cidr_block": "",
                "local_gateway_id": "",
                "nat_gateway_id": "",
                "network_interface_id": "",
                "transit_gateway_id": "",
                "vpc_endpoint_id": "",
                "vpc_peering_connection_id": ""
              }
            ],
            "tags": {
              "Application": "web-app",
              "Backup": "required",
              "CostCenter": "engineering",
              "CreatedDate": "2025-06-15",
              "Description": "Route table for public subnets with internet access",
              "Environment": "production",
              "ManagedBy": "terraform",
              "Monitoring": "enabled",
              "Name": "prod-application-vpc-public-route-table",
              "Owner": "devops-team",
              "Project": "web-application",
              "Team": "backend-services",
              "Tier": "public",
              "Type": "RouteTable"
            },
            "tags_all": {
              "Application": "web-app",
              "Backup": "required",
              "CostCenter": "engineering",
              "CreatedDate": "2025-06-15",
              "Description": "Route table for public subnets with internet access",
              "Environment": "production",
              "ManagedBy": "terraform",
              "Monitoring": "enabled",
              "Name": "prod-application-vpc-public-route-table",
              "Owner": "devops-team",
              "Project": "web-application",
              "Team": "backend-services",
              "Tier": "public",
              "Type": "RouteTable"
            },
            "timeouts": null,
            "vpc_id": "vpc-01ba43b1df9f44bcd"
          },
          "sensitive_attributes": [],
          "private": "eyJlMmJmYjczMC1lY2FhLTExZTYtOGY4OC0zNDM2M2JjN2M0YzAiOnsiY3JlYXRlIjozMDAwMDAwMDAwMDAsImRlbGV0ZSI6MzAwMDAwMDAwMDAwLCJ1cGRhdGUiOjEyMDAwMDAwMDAwMH19",
          "dependencies": [
            "module.vpc.aws_internet_gateway.main",
            "module.vpc.aws_vpc.main"
          ]
        }
      ]
    },
    {
      "module": "module.vpc",
      "mode": "managed",
      "type": "aws_route_table_association",
      "name": "private",
      "provider": "provider[\"registry.terraform.io/hashicorp/aws\"]",
      "instances": [
        {
          "index_key": 0,
          "schema_version": 0,
          "attributes": {
            "gateway_id": "",
            "id": "rtbassoc-08e5b2fe3571d5ad6",
            "route_table_id": "rtb-0e4913facebf23a6c",
            "subnet_id": "subnet-08e09b12984618ce9",
            "timeouts": null
          },
          "sensitive_attributes": [],
          "private": "eyJlMmJmYjczMC1lY2FhLTExZTYtOGY4OC0zNDM2M2JjN2M0YzAiOnsiY3JlYXRlIjozMDAwMDAwMDAwMDAsImRlbGV0ZSI6MzAwMDAwMDAwMDAwLCJ1cGRhdGUiOjEyMDAwMDAwMDAwMH19",
          "dependencies": [
            "data.aws_availability_zones.available",
            "module.vpc.aws_eip.nat",
            "module.vpc.aws_internet_gateway.main",
            "module.vpc.aws_nat_gateway.main",
            "module.vpc.aws_route_table.private",
            "module.vpc.aws_subnet.private",
            "module.vpc.aws_subnet.public",
            "module.vpc.aws_vpc.main"
          ]
        },
        {
          "index_key": 1,
          "schema_version": 0,
          "attributes": {
            "gateway_id": "",
            "id": "rtbassoc-0a3f2c9fde0b81189",
            "route_table_id": "rtb-0e4913facebf23a6c",
            "subnet_id": "subnet-0057af55c3192932a",
            "timeouts": null
          },
          "sensitive_attributes": [],
          "private": "eyJlMmJmYjczMC1lY2FhLTExZTYtOGY4OC0zNDM2M2JjN2M0YzAiOnsiY3JlYXRlIjozMDAwMDAwMDAwMDAsImRlbGV0ZSI6MzAwMDAwMDAwMDAwLCJ1cGRhdGUiOjEyMDAwMDAwMDAwMH19",
          "dependencies": [
            "data.aws_availability_zones.available",
            "module.vpc.aws_eip.nat",
            "module.vpc.aws_internet_gateway.main",
            "module.vpc.aws_nat_gateway.main",
            "module.vpc.aws_route_table.private",
            "module.vpc.aws_subnet.private",
            "module.vpc.aws_subnet.public",
            "module.vpc.aws_vpc.main"
          ]
        }
      ]
    },
    {
      "module": "module.vpc",
      "mode": "managed",
      "type": "aws_route_table_association",
      "name": "public",
      "provider": "provider[\"registry.terraform.io/hashicorp/aws\"]",
      "instances": [
        {
          "index_key": 0,
          "schema_version": 0,
          "attributes": {
            "gateway_id": "",
            "id": "rtbassoc-0694532e8eba2eb81",
            "route_table_id": "rtb-07576a98f20eeaaeb",
            "subnet_id": "subnet-015fbd6ef17c78767",
            "timeouts": null
          },
          "sensitive_attributes": [],
          "private": "eyJlMmJmYjczMC1lY2FhLTExZTYtOGY4OC0zNDM2M2JjN2M0YzAiOnsiY3JlYXRlIjozMDAwMDAwMDAwMDAsImRlbGV0ZSI6MzAwMDAwMDAwMDAwLCJ1cGRhdGUiOjEyMDAwMDAwMDAwMH19",
          "dependencies": [
            "data.aws_availability_zones.available",
            "module.vpc.aws_internet_gateway.main",
            "module.vpc.aws_route_table.public",
            "module.vpc.aws_subnet.public",
            "module.vpc.aws_vpc.main"
          ]
        },
        {
          "index_key": 1,
          "schema_version": 0,
          "attributes": {
            "gateway_id": "",
            "id": "rtbassoc-0f737d805f42972a5",
            "route_table_id": "rtb-07576a98f20eeaaeb",
            "subnet_id": "subnet-0a850ba7b683cdb45",
            "timeouts": null
          },
          "sensitive_attributes": [],
          "private": "eyJlMmJmYjczMC1lY2FhLTExZTYtOGY4OC0zNDM2M2JjN2M0YzAiOnsiY3JlYXRlIjozMDAwMDAwMDAwMDAsImRlbGV0ZSI6MzAwMDAwMDAwMDAwLCJ1cGRhdGUiOjEyMDAwMDAwMDAwMH19",
          "dependencies": [
            "data.aws_availability_zones.available",
            "module.vpc.aws_internet_gateway.main",
            "module.vpc.aws_route_table.public",
            "module.vpc.aws_subnet.public",
            "module.vpc.aws_vpc.main"
          ]
        }
      ]
    },
    {
      "module": "module.vpc",
      "mode": "managed",
      "type": "aws_security_group",
      "name": "alb",
      "provider": "provider[\"registry.terraform.io/hashicorp/aws\"]",
      "instances": [
        {
          "schema_version": 1,
          "attributes": {
            "arn": "arn:aws:ec2:us-east-1:476114144886:security-group/sg-081c9d7cb1b17f130",
            "description": "Security group for Application Load Balancer",
            "egress": [
              {
                "cidr_blocks": [
                  "0.0.0.0/0"
                ],
                "description": "All outbound traffic",
                "from_port": 0,
                "ipv6_cidr_blocks": [],
                "prefix_list_ids": [],
                "protocol": "-1",
                "security_groups": [],
                "self": false,
                "to_port": 0
              }
            ],
            "id": "sg-081c9d7cb1b17f130",
            "ingress": [
              {
                "cidr_blocks": [
                  "0.0.0.0/0"
                ],
                "description": "HTTP from internet",
                "from_port": 80,
                "ipv6_cidr_blocks": [],
                "prefix_list_ids": [],
                "protocol": "tcp",
                "security_groups": [],
                "self": false,
                "to_port": 80
              },
              {
                "cidr_blocks": [
                  "0.0.0.0/0"
                ],
                "description": "HTTPS from internet",
                "from_port": 443,
                "ipv6_cidr_blocks": [],
                "prefix_list_ids": [],
                "protocol": "tcp",
                "security_groups": [],
                "self": false,
                "to_port": 443
              }
            ],
            "name": "prod-application-vpc-alb-security-group",
            "name_prefix": "",
            "owner_id": "476114144886",
            "revoke_rules_on_delete": false,
            "tags": {
              "Application": "web-app",
              "Backup": "required",
              "CostCenter": "engineering",
              "CreatedDate": "2025-06-15",
              "Description": "Security group for ALB - allows HTTP/HTTPS from internet",
              "Environment": "production",
              "ManagedBy": "terraform",
              "Monitoring": "enabled",
              "Name": "prod-application-vpc-alb-security-group",
              "Owner": "devops-team",
              "Project": "web-application",
              "Team": "backend-services",
              "Tier": "public",
              "Type": "SecurityGroup"
            },
            "tags_all": {
              "Application": "web-app",
              "Backup": "required",
              "CostCenter": "engineering",
              "CreatedDate": "2025-06-15",
              "Description": "Security group for ALB - allows HTTP/HTTPS from internet",
              "Environment": "production",
              "ManagedBy": "terraform",
              "Monitoring": "enabled",
              "Name": "prod-application-vpc-alb-security-group",
              "Owner": "devops-team",
              "Project": "web-application",
              "Team": "backend-services",
              "Tier": "public",
              "Type": "SecurityGroup"
            },
            "timeouts": null,
            "vpc_id": "vpc-01ba43b1df9f44bcd"
          },
          "sensitive_attributes": [],
          "private": "eyJlMmJmYjczMC1lY2FhLTExZTYtOGY4OC0zNDM2M2JjN2M0YzAiOnsiY3JlYXRlIjo2MDAwMDAwMDAwMDAsImRlbGV0ZSI6OTAwMDAwMDAwMDAwfSwic2NoZW1hX3ZlcnNpb24iOiIxIn0=",
          "dependencies": [
            "module.vpc.aws_vpc.main"
          ]
        }
      ]
    },
    {
      "module": "module.vpc",
      "mode": "managed",
      "type": "aws_security_group",
      "name": "database",
      "provider": "provider[\"registry.terraform.io/hashicorp/aws\"]",
      "instances": [
        {
          "schema_version": 1,
          "attributes": {
            "arn": "arn:aws:ec2:us-east-1:476114144886:security-group/sg-0dcb5b19aff940863",
            "description": "Security group for RDS database",
            "egress": [
              {
                "cidr_blocks": [
                  "0.0.0.0/0"
                ],
                "description": "All outbound traffic",
                "from_port": 0,
                "ipv6_cidr_blocks": [],
                "prefix_list_ids": [],
                "protocol": "-1",
                "security_groups": [],
                "self": false,
                "to_port": 0
              }
            ],
            "id": "sg-0dcb5b19aff940863",
            "ingress": [
              {
                "cidr_blocks": [],
                "description": "PostgreSQL from EC2 instances",
                "from_port": 5432,
                "ipv6_cidr_blocks": [],
                "prefix_list_ids": [],
                "protocol": "tcp",
                "security_groups": [
                  "sg-0851883a5a1484740"
                ],
                "self": false,
                "to_port": 5432
              }
            ],
            "name": "prod-application-vpc-database-security-group",
            "name_prefix": "",
            "owner_id": "476114144886",
            "revoke_rules_on_delete": false,
            "tags": {
              "Application": "web-app",
              "Backup": "required",
              "CostCenter": "engineering",
              "CreatedDate": "2025-06-15",
              "Environment": "production",
              "ManagedBy": "terraform",
              "Monitoring": "enabled",
              "Name": "prod-application-vpc-database-security-group",
              "Owner": "devops-team",
              "Project": "web-application",
              "Team": "backend-services",
              "Tier": "database",
              "Type": "SecurityGroup"
            },
            "tags_all": {
              "Application": "web-app",
              "Backup": "required",
              "CostCenter": "engineering",
              "CreatedDate": "2025-06-15",
              "Environment": "production",
              "ManagedBy": "terraform",
              "Monitoring": "enabled",
              "Name": "prod-application-vpc-database-security-group",
              "Owner": "devops-team",
              "Project": "web-application",
              "Team": "backend-services",
              "Tier": "database",
              "Type": "SecurityGroup"
            },
            "timeouts": null,
            "vpc_id": "vpc-01ba43b1df9f44bcd"
          },
          "sensitive_attributes": [],
          "private": "eyJlMmJmYjczMC1lY2FhLTExZTYtOGY4OC0zNDM2M2JjN2M0YzAiOnsiY3JlYXRlIjo2MDAwMDAwMDAwMDAsImRlbGV0ZSI6OTAwMDAwMDAwMDAwfSwic2NoZW1hX3ZlcnNpb24iOiIxIn0=",
          "dependencies": [
            "module.vpc.aws_security_group.alb",
            "module.vpc.aws_security_group.ec2",
            "module.vpc.aws_vpc.main"
          ]
        }
      ]
    },
    {
      "module": "module.vpc",
      "mode": "managed",
      "type": "aws_security_group",
      "name": "ec2",
      "provider": "provider[\"registry.terraform.io/hashicorp/aws\"]",
      "instances": [
        {
          "schema_version": 1,
          "attributes": {
            "arn": "arn:aws:ec2:us-east-1:476114144886:security-group/sg-0851883a5a1484740",
            "description": "Security group for EC2 web servers in private subnets",
            "egress": [
              {
                "cidr_blocks": [
                  "0.0.0.0/0"
                ],
                "description": "All outbound traffic (limited by route table)",
                "from_port": 0,
                "ipv6_cidr_blocks": [],
                "prefix_list_ids": [],
                "protocol": "-1",
                "security_groups": [],
                "self": false,
                "to_port": 0
              }
            ],
            "id": "sg-0851883a5a1484740",
            "ingress": [
              {
                "cidr_blocks": [
                  "10.10.0.0/16"
                ],
                "description": "SSH access from within VPC",
                "from_port": 22,
                "ipv6_cidr_blocks": [],
                "prefix_list_ids": [],
                "protocol": "tcp",
                "security_groups": [],
                "self": false,
                "to_port": 22
              },
              {
                "cidr_blocks": [],
                "description": "HTTP traffic from ALB only",
                "from_port": 80,
                "ipv6_cidr_blocks": [],
                "prefix_list_ids": [],
                "protocol": "tcp",
                "security_groups": [
                  "sg-081c9d7cb1b17f130"
                ],
                "self": false,
                "to_port": 80
              }
            ],
            "name": "prod-application-vpc-ec2-security-group",
            "name_prefix": "",
            "owner_id": "476114144886",
            "revoke_rules_on_delete": false,
            "tags": {
              "Application": "web-app",
              "Backup": "required",
              "CostCenter": "engineering",
              "CreatedDate": "2025-06-15",
              "Description": "Security group for EC2 instances - allows HTTP from ALB and SSH from VPC",
              "Environment": "production",
              "ManagedBy": "terraform",
              "Monitoring": "enabled",
              "Name": "prod-application-vpc-ec2-security-group",
              "Owner": "devops-team",
              "Project": "web-application",
              "Team": "backend-services",
              "Tier": "private",
              "Type": "SecurityGroup"
            },
            "tags_all": {
              "Application": "web-app",
              "Backup": "required",
              "CostCenter": "engineering",
              "CreatedDate": "2025-06-15",
              "Description": "Security group for EC2 instances - allows HTTP from ALB and SSH from VPC",
              "Environment": "production",
              "ManagedBy": "terraform",
              "Monitoring": "enabled",
              "Name": "prod-application-vpc-ec2-security-group",
              "Owner": "devops-team",
              "Project": "web-application",
              "Team": "backend-services",
              "Tier": "private",
              "Type": "SecurityGroup"
            },
            "timeouts": null,
            "vpc_id": "vpc-01ba43b1df9f44bcd"
          },
          "sensitive_attributes": [],
          "private": "eyJlMmJmYjczMC1lY2FhLTExZTYtOGY4OC0zNDM2M2JjN2M0YzAiOnsiY3JlYXRlIjo2MDAwMDAwMDAwMDAsImRlbGV0ZSI6OTAwMDAwMDAwMDAwfSwic2NoZW1hX3ZlcnNpb24iOiIxIn0=",
          "dependencies": [
            "module.vpc.aws_security_group.alb",
            "module.vpc.aws_vpc.main"
          ]
        }
      ]
    },
    {
      "module": "module.vpc",
      "mode": "managed",
      "type": "aws_subnet",
      "name": "database",
      "provider": "provider[\"registry.terraform.io/hashicorp/aws\"]",
      "instances": [
        {
          "index_key": 0,
          "schema_version": 1,
          "attributes": {
            "arn": "arn:aws:ec2:us-east-1:476114144886:subnet/subnet-05f9ad9f388e0ec4d",
            "assign_ipv6_address_on_creation": false,
            "availability_zone": "us-east-1a",
            "availability_zone_id": "use1-az2",
            "cidr_block": "10.10.30.0/24",
            "customer_owned_ipv4_pool": "",
            "enable_dns64": false,
            "enable_lni_at_device_index": 0,
            "enable_resource_name_dns_a_record_on_launch": false,
            "enable_resource_name_dns_aaaa_record_on_launch": false,
            "id": "subnet-05f9ad9f388e0ec4d",
            "ipv6_cidr_block": "",
            "ipv6_cidr_block_association_id": "",
            "ipv6_native": false,
            "map_customer_owned_ip_on_launch": false,
            "map_public_ip_on_launch": false,
            "outpost_arn": "",
            "owner_id": "476114144886",
            "private_dns_hostname_type_on_launch": "ip-name",
            "tags": {
              "Application": "web-app",
              "Backup": "required",
              "CostCenter": "engineering",
              "CreatedDate": "2025-06-15",
              "Environment": "production",
              "ManagedBy": "terraform",
              "Monitoring": "enabled",
              "Name": "prod-application-vpc-database-subnet-1",
              "Owner": "devops-team",
              "Project": "web-application",
              "Team": "backend-services",
              "Tier": "database",
              "Type": "Subnet"
            },
            "tags_all": {
              "Application": "web-app",
              "Backup": "required",
              "CostCenter": "engineering",
              "CreatedDate": "2025-06-15",
              "Environment": "production",
              "ManagedBy": "terraform",
              "Monitoring": "enabled",
              "Name": "prod-application-vpc-database-subnet-1",
              "Owner": "devops-team",
              "Project": "web-application",
              "Team": "backend-services",
              "Tier": "database",
              "Type": "Subnet"
            },
            "timeouts": null,
            "vpc_id": "vpc-01ba43b1df9f44bcd"
          },
          "sensitive_attributes": [],
          "private": "eyJlMmJmYjczMC1lY2FhLTExZTYtOGY4OC0zNDM2M2JjN2M0YzAiOnsiY3JlYXRlIjo2MDAwMDAwMDAwMDAsImRlbGV0ZSI6MTIwMDAwMDAwMDAwMH0sInNjaGVtYV92ZXJzaW9uIjoiMSJ9",
          "dependencies": [
            "data.aws_availability_zones.available",
            "module.vpc.aws_vpc.main"
          ]
        },
        {
          "index_key": 1,
          "schema_version": 1,
          "attributes": {
            "arn": "arn:aws:ec2:us-east-1:476114144886:subnet/subnet-05b7b9208499d7ad0",
            "assign_ipv6_address_on_creation": false,
            "availability_zone": "us-east-1b",
            "availability_zone_id": "use1-az4",
            "cidr_block": "10.10.40.0/24",
            "customer_owned_ipv4_pool": "",
            "enable_dns64": false,
            "enable_lni_at_device_index": 0,
            "enable_resource_name_dns_a_record_on_launch": false,
            "enable_resource_name_dns_aaaa_record_on_launch": false,
            "id": "subnet-05b7b9208499d7ad0",
            "ipv6_cidr_block": "",
            "ipv6_cidr_block_association_id": "",
            "ipv6_native": false,
            "map_customer_owned_ip_on_launch": false,
            "map_public_ip_on_launch": false,
            "outpost_arn": "",
            "owner_id": "476114144886",
            "private_dns_hostname_type_on_launch": "ip-name",
            "tags": {
              "Application": "web-app",
              "Backup": "required",
              "CostCenter": "engineering",
              "CreatedDate": "2025-06-15",
              "Environment": "production",
              "ManagedBy": "terraform",
              "Monitoring": "enabled",
              "Name": "prod-application-vpc-database-subnet-2",
              "Owner": "devops-team",
              "Project": "web-application",
              "Team": "backend-services",
              "Tier": "database",
              "Type": "Subnet"
            },
            "tags_all": {
              "Application": "web-app",
              "Backup": "required",
              "CostCenter": "engineering",
              "CreatedDate": "2025-06-15",
              "Environment": "production",
              "ManagedBy": "terraform",
              "Monitoring": "enabled",
              "Name": "prod-application-vpc-database-subnet-2",
              "Owner": "devops-team",
              "Project": "web-application",
              "Team": "backend-services",
              "Tier": "database",
              "Type": "Subnet"
            },
            "timeouts": null,
            "vpc_id": "vpc-01ba43b1df9f44bcd"
          },
          "sensitive_attributes": [],
          "private": "eyJlMmJmYjczMC1lY2FhLTExZTYtOGY4OC0zNDM2M2JjN2M0YzAiOnsiY3JlYXRlIjo2MDAwMDAwMDAwMDAsImRlbGV0ZSI6MTIwMDAwMDAwMDAwMH0sInNjaGVtYV92ZXJzaW9uIjoiMSJ9",
          "dependencies": [
            "data.aws_availability_zones.available",
            "module.vpc.aws_vpc.main"
          ]
        }
      ]
    },
    {
      "module": "module.vpc",
      "mode": "managed",
      "type": "aws_subnet",
      "name": "private",
      "provider": "provider[\"registry.terraform.io/hashicorp/aws\"]",
      "instances": [
        {
          "index_key": 0,
          "schema_version": 1,
          "attributes": {
            "arn": "arn:aws:ec2:us-east-1:476114144886:subnet/subnet-08e09b12984618ce9",
            "assign_ipv6_address_on_creation": false,
            "availability_zone": "us-east-1a",
            "availability_zone_id": "use1-az2",
            "cidr_block": "10.10.10.0/24",
            "customer_owned_ipv4_pool": "",
            "enable_dns64": false,
            "enable_lni_at_device_index": 0,
            "enable_resource_name_dns_a_record_on_launch": false,
            "enable_resource_name_dns_aaaa_record_on_launch": false,
            "id": "subnet-08e09b12984618ce9",
            "ipv6_cidr_block": "",
            "ipv6_cidr_block_association_id": "",
            "ipv6_native": false,
            "map_customer_owned_ip_on_launch": false,
            "map_public_ip_on_launch": false,
            "outpost_arn": "",
            "owner_id": "476114144886",
            "private_dns_hostname_type_on_launch": "ip-name",
            "tags": {
              "Application": "web-app",
              "AvailabilityZone": "us-east-1a",
              "Backup": "required",
              "CostCenter": "engineering",
              "CreatedDate": "2025-06-15",
              "Description": "Private subnet for EC2 instances in us-east-1a",
              "Environment": "production",
              "ManagedBy": "terraform",
              "Monitoring": "enabled",
              "Name": "prod-application-vpc-private-subnet-us-east-1a",
              "Owner": "devops-team",
              "Project": "web-application",
              "Team": "backend-services",
              "Tier": "private",
              "Type": "PrivateSubnet"
            },
            "tags_all": {
              "Application": "web-app",
              "AvailabilityZone": "us-east-1a",
              "Backup": "required",
              "CostCenter": "engineering",
              "CreatedDate": "2025-06-15",
              "Description": "Private subnet for EC2 instances in us-east-1a",
              "Environment": "production",
              "ManagedBy": "terraform",
              "Monitoring": "enabled",
              "Name": "prod-application-vpc-private-subnet-us-east-1a",
              "Owner": "devops-team",
              "Project": "web-application",
              "Team": "backend-services",
              "Tier": "private",
              "Type": "PrivateSubnet"
            },
            "timeouts": null,
            "vpc_id": "vpc-01ba43b1df9f44bcd"
          },
          "sensitive_attributes": [],
          "private": "eyJlMmJmYjczMC1lY2FhLTExZTYtOGY4OC0zNDM2M2JjN2M0YzAiOnsiY3JlYXRlIjo2MDAwMDAwMDAwMDAsImRlbGV0ZSI6MTIwMDAwMDAwMDAwMH0sInNjaGVtYV92ZXJzaW9uIjoiMSJ9",
          "dependencies": [
            "data.aws_availability_zones.available",
            "module.vpc.aws_vpc.main"
          ]
        },
        {
          "index_key": 1,
          "schema_version": 1,
          "attributes": {
            "arn": "arn:aws:ec2:us-east-1:476114144886:subnet/subnet-0057af55c3192932a",
            "assign_ipv6_address_on_creation": false,
            "availability_zone": "us-east-1b",
            "availability_zone_id": "use1-az4",
            "cidr_block": "10.10.20.0/24",
            "customer_owned_ipv4_pool": "",
            "enable_dns64": false,
            "enable_lni_at_device_index": 0,
            "enable_resource_name_dns_a_record_on_launch": false,
            "enable_resource_name_dns_aaaa_record_on_launch": false,
            "id": "subnet-0057af55c3192932a",
            "ipv6_cidr_block": "",
            "ipv6_cidr_block_association_id": "",
            "ipv6_native": false,
            "map_customer_owned_ip_on_launch": false,
            "map_public_ip_on_launch": false,
            "outpost_arn": "",
            "owner_id": "476114144886",
            "private_dns_hostname_type_on_launch": "ip-name",
            "tags": {
              "Application": "web-app",
              "AvailabilityZone": "us-east-1b",
              "Backup": "required",
              "CostCenter": "engineering",
              "CreatedDate": "2025-06-15",
              "Description": "Private subnet for EC2 instances in us-east-1b",
              "Environment": "production",
              "ManagedBy": "terraform",
              "Monitoring": "enabled",
              "Name": "prod-application-vpc-private-subnet-us-east-1b",
              "Owner": "devops-team",
              "Project": "web-application",
              "Team": "backend-services",
              "Tier": "private",
              "Type": "PrivateSubnet"
            },
            "tags_all": {
              "Application": "web-app",
              "AvailabilityZone": "us-east-1b",
              "Backup": "required",
              "CostCenter": "engineering",
              "CreatedDate": "2025-06-15",
              "Description": "Private subnet for EC2 instances in us-east-1b",
              "Environment": "production",
              "ManagedBy": "terraform",
              "Monitoring": "enabled",
              "Name": "prod-application-vpc-private-subnet-us-east-1b",
              "Owner": "devops-team",
              "Project": "web-application",
              "Team": "backend-services",
              "Tier": "private",
              "Type": "PrivateSubnet"
            },
            "timeouts": null,
            "vpc_id": "vpc-01ba43b1df9f44bcd"
          },
          "sensitive_attributes": [],
          "private": "eyJlMmJmYjczMC1lY2FhLTExZTYtOGY4OC0zNDM2M2JjN2M0YzAiOnsiY3JlYXRlIjo2MDAwMDAwMDAwMDAsImRlbGV0ZSI6MTIwMDAwMDAwMDAwMH0sInNjaGVtYV92ZXJzaW9uIjoiMSJ9",
          "dependencies": [
            "data.aws_availability_zones.available",
            "module.vpc.aws_vpc.main"
          ]
        }
      ]
    },
    {
      "module": "module.vpc",
      "mode": "managed",
      "type": "aws_subnet",
      "name": "public",
      "provider": "provider[\"registry.terraform.io/hashicorp/aws\"]",
      "instances": [
        {
          "index_key": 0,
          "schema_version": 1,
          "attributes": {
            "arn": "arn:aws:ec2:us-east-1:476114144886:subnet/subnet-015fbd6ef17c78767",
            "assign_ipv6_address_on_creation": false,
            "availability_zone": "us-east-1a",
            "availability_zone_id": "use1-az2",
            "cidr_block": "10.10.100.0/24",
            "customer_owned_ipv4_pool": "",
            "enable_dns64": false,
            "enable_lni_at_device_index": 0,
            "enable_resource_name_dns_a_record_on_launch": false,
            "enable_resource_name_dns_aaaa_record_on_launch": false,
            "id": "subnet-015fbd6ef17c78767",
            "ipv6_cidr_block": "",
            "ipv6_cidr_block_association_id": "",
            "ipv6_native": false,
            "map_customer_owned_ip_on_launch": false,
            "map_public_ip_on_launch": true,
            "outpost_arn": "",
            "owner_id": "476114144886",
            "private_dns_hostname_type_on_launch": "ip-name",
            "tags": {
              "Application": "web-app",
              "AvailabilityZone": "us-east-1a",
              "Backup": "required",
              "CostCenter": "engineering",
              "CreatedDate": "2025-06-15",
              "Description": "Public subnet for ALB in us-east-1a",
              "Environment": "production",
              "ManagedBy": "terraform",
              "Monitoring": "enabled",
              "Name": "prod-application-vpc-public-subnet-us-east-1a",
              "Owner": "devops-team",
              "Project": "web-application",
              "Team": "backend-services",
              "Tier": "public",
              "Type": "PublicSubnet"
            },
            "tags_all": {
              "Application": "web-app",
              "AvailabilityZone": "us-east-1a",
              "Backup": "required",
              "CostCenter": "engineering",
              "CreatedDate": "2025-06-15",
              "Description": "Public subnet for ALB in us-east-1a",
              "Environment": "production",
              "ManagedBy": "terraform",
              "Monitoring": "enabled",
              "Name": "prod-application-vpc-public-subnet-us-east-1a",
              "Owner": "devops-team",
              "Project": "web-application",
              "Team": "backend-services",
              "Tier": "public",
              "Type": "PublicSubnet"
            },
            "timeouts": null,
            "vpc_id": "vpc-01ba43b1df9f44bcd"
          },
          "sensitive_attributes": [],
          "private": "eyJlMmJmYjczMC1lY2FhLTExZTYtOGY4OC0zNDM2M2JjN2M0YzAiOnsiY3JlYXRlIjo2MDAwMDAwMDAwMDAsImRlbGV0ZSI6MTIwMDAwMDAwMDAwMH0sInNjaGVtYV92ZXJzaW9uIjoiMSJ9",
          "dependencies": [
            "data.aws_availability_zones.available",
            "module.vpc.aws_vpc.main"
          ]
        },
        {
          "index_key": 1,
          "schema_version": 1,
          "attributes": {
            "arn": "arn:aws:ec2:us-east-1:476114144886:subnet/subnet-0a850ba7b683cdb45",
            "assign_ipv6_address_on_creation": false,
            "availability_zone": "us-east-1b",
            "availability_zone_id": "use1-az4",
            "cidr_block": "10.10.200.0/24",
            "customer_owned_ipv4_pool": "",
            "enable_dns64": false,
            "enable_lni_at_device_index": 0,
            "enable_resource_name_dns_a_record_on_launch": false,
            "enable_resource_name_dns_aaaa_record_on_launch": false,
            "id": "subnet-0a850ba7b683cdb45",
            "ipv6_cidr_block": "",
            "ipv6_cidr_block_association_id": "",
            "ipv6_native": false,
            "map_customer_owned_ip_on_launch": false,
            "map_public_ip_on_launch": true,
            "outpost_arn": "",
            "owner_id": "476114144886",
            "private_dns_hostname_type_on_launch": "ip-name",
            "tags": {
              "Application": "web-app",
              "AvailabilityZone": "us-east-1b",
              "Backup": "required",
              "CostCenter": "engineering",
              "CreatedDate": "2025-06-15",
              "Description": "Public subnet for ALB in us-east-1b",
              "Environment": "production",
              "ManagedBy": "terraform",
              "Monitoring": "enabled",
              "Name": "prod-application-vpc-public-subnet-us-east-1b",
              "Owner": "devops-team",
              "Project": "web-application",
              "Team": "backend-services",
              "Tier": "public",
              "Type": "PublicSubnet"
            },
            "tags_all": {
              "Application": "web-app",
              "AvailabilityZone": "us-east-1b",
              "Backup": "required",
              "CostCenter": "engineering",
              "CreatedDate": "2025-06-15",
              "Description": "Public subnet for ALB in us-east-1b",
              "Environment": "production",
              "ManagedBy": "terraform",
              "Monitoring": "enabled",
              "Name": "prod-application-vpc-public-subnet-us-east-1b",
              "Owner": "devops-team",
              "Project": "web-application",
              "Team": "backend-services",
              "Tier": "public",
              "Type": "PublicSubnet"
            },
            "timeouts": null,
            "vpc_id": "vpc-01ba43b1df9f44bcd"
          },
          "sensitive_attributes": [],
          "private": "eyJlMmJmYjczMC1lY2FhLTExZTYtOGY4OC0zNDM2M2JjN2M0YzAiOnsiY3JlYXRlIjo2MDAwMDAwMDAwMDAsImRlbGV0ZSI6MTIwMDAwMDAwMDAwMH0sInNjaGVtYV92ZXJzaW9uIjoiMSJ9",
          "dependencies": [
            "data.aws_availability_zones.available",
            "module.vpc.aws_vpc.main"
          ]
        }
      ]
    },
    {
      "module": "module.vpc",
      "mode": "managed",
      "type": "aws_vpc",
      "name": "main",
      "provider": "provider[\"registry.terraform.io/hashicorp/aws\"]",
      "instances": [
        {
          "schema_version": 1,
          "attributes": {
            "arn": "arn:aws:ec2:us-east-1:476114144886:vpc/vpc-01ba43b1df9f44bcd",
            "assign_generated_ipv6_cidr_block": false,
            "cidr_block": "10.10.0.0/16",
            "default_network_acl_id": "acl-05fc22c07c5c7e98d",
            "default_route_table_id": "rtb-06ddad06f86c1eeb4",
            "default_security_group_id": "sg-00bb9771792a4ca7a",
            "dhcp_options_id": "dopt-047a4d1e18246c874",
            "enable_dns_hostnames": true,
            "enable_dns_support": true,
            "enable_network_address_usage_metrics": false,
            "id": "vpc-01ba43b1df9f44bcd",
            "instance_tenancy": "default",
            "ipv4_ipam_pool_id": null,
            "ipv4_netmask_length": null,
            "ipv6_association_id": "",
            "ipv6_cidr_block": "",
            "ipv6_cidr_block_network_border_group": "",
            "ipv6_ipam_pool_id": "",
            "ipv6_netmask_length": 0,
            "main_route_table_id": "rtb-06ddad06f86c1eeb4",
            "owner_id": "476114144886",
            "tags": {
              "Application": "web-app",
              "Backup": "required",
              "CostCenter": "engineering",
              "CreatedDate": "2025-06-15",
              "Description": "Main VPC for production web application",
              "Environment": "production",
              "ManagedBy": "terraform",
              "Monitoring": "enabled",
              "Name": "prod-application-vpc",
              "Owner": "devops-team",
              "Project": "web-application",
              "Team": "backend-services",
              "Type": "VPC"
            },
            "tags_all": {
              "Application": "web-app",
              "Backup": "required",
              "CostCenter": "engineering",
              "CreatedDate": "2025-06-15",
              "Description": "Main VPC for production web application",
              "Environment": "production",
              "ManagedBy": "terraform",
              "Monitoring": "enabled",
              "Name": "prod-application-vpc",
              "Owner": "devops-team",
              "Project": "web-application",
              "Team": "backend-services",
              "Type": "VPC"
            }
          },
          "sensitive_attributes": [],
          "private": "eyJzY2hlbWFfdmVyc2lvbiI6IjEifQ=="
        }
      ]
    }
  ],
  "check_results": null
}
